// !$*UTF8*$!
{
	archiveVersion = 1;
	classes = {
	};
	objectVersion = 50;
	objects = {

/* Begin PBXBuildFile section */
		788DDD3D0837F8506B1F924C /* Pods_OneDay.framework in Frameworks */ = {isa = PBXBuildFile; fileRef = B2F23636A5909B46DE93DFD2 /* Pods_OneDay.framework */; };
		D502765221FB0B8400A0DB5E /* Journal+CoreDataClass.swift in Sources */ = {isa = PBXBuildFile; fileRef = D502764221FB0B8400A0DB5E /* Journal+CoreDataClass.swift */; };
		D502765321FB0B8400A0DB5E /* Journal+CoreDataProperties.swift in Sources */ = {isa = PBXBuildFile; fileRef = D502764321FB0B8400A0DB5E /* Journal+CoreDataProperties.swift */; };
		D502765421FB0B8400A0DB5E /* Weather+CoreDataClass.swift in Sources */ = {isa = PBXBuildFile; fileRef = D502764421FB0B8400A0DB5E /* Weather+CoreDataClass.swift */; };
		D502765521FB0B8400A0DB5E /* Weather+CoreDataProperties.swift in Sources */ = {isa = PBXBuildFile; fileRef = D502764521FB0B8400A0DB5E /* Weather+CoreDataProperties.swift */; };
		D502765821FB0B8400A0DB5E /* Entry+CoreDataClass.swift in Sources */ = {isa = PBXBuildFile; fileRef = D502764821FB0B8400A0DB5E /* Entry+CoreDataClass.swift */; };
		D502765921FB0B8400A0DB5E /* Entry+CoreDataProperties.swift in Sources */ = {isa = PBXBuildFile; fileRef = D502764921FB0B8400A0DB5E /* Entry+CoreDataProperties.swift */; };
		D502765A21FB0B8400A0DB5E /* Device+CoreDataClass.swift in Sources */ = {isa = PBXBuildFile; fileRef = D502764A21FB0B8400A0DB5E /* Device+CoreDataClass.swift */; };
		D502765B21FB0B8400A0DB5E /* Device+CoreDataProperties.swift in Sources */ = {isa = PBXBuildFile; fileRef = D502764B21FB0B8400A0DB5E /* Device+CoreDataProperties.swift */; };
		D502765C21FB0B8400A0DB5E /* Location+CoreDataClass.swift in Sources */ = {isa = PBXBuildFile; fileRef = D502764C21FB0B8400A0DB5E /* Location+CoreDataClass.swift */; };
		D502765D21FB0B8400A0DB5E /* Location+CoreDataProperties.swift in Sources */ = {isa = PBXBuildFile; fileRef = D502764D21FB0B8400A0DB5E /* Location+CoreDataProperties.swift */; };
		D502766221FB0D6000A0DB5E /* WeatherType.swift in Sources */ = {isa = PBXBuildFile; fileRef = D502766121FB0D6000A0DB5E /* WeatherType.swift */; };
		D502766521FB138500A0DB5E /* EntryService.swift in Sources */ = {isa = PBXBuildFile; fileRef = D502766421FB138500A0DB5E /* EntryService.swift */; };
		D502766721FB139300A0DB5E /* JournalService.swift in Sources */ = {isa = PBXBuildFile; fileRef = D502766621FB139300A0DB5E /* JournalService.swift */; };
		D502769321FEA18000A0DB5E /* CoreDataStack.swift in Sources */ = {isa = PBXBuildFile; fileRef = D502769221FEA18000A0DB5E /* CoreDataStack.swift */; };
		D502769621FEA1CE00A0DB5E /* UIColor+NamedColor.swift in Sources */ = {isa = PBXBuildFile; fileRef = D502769521FEA1CD00A0DB5E /* UIColor+NamedColor.swift */; };
		D50276B921FED1D200A0DB5E /* OneDay.xcdatamodeld in Sources */ = {isa = PBXBuildFile; fileRef = D561692921FAD07000E00FED /* OneDay.xcdatamodeld */; };
		D50276BB21FEEE4900A0DB5E /* SampleJournalsViewController.swift in Sources */ = {isa = PBXBuildFile; fileRef = D50276BA21FEEE4900A0DB5E /* SampleJournalsViewController.swift */; };
		D50276BD21FEF0DC00A0DB5E /* Coredata.storyboard in Resources */ = {isa = PBXBuildFile; fileRef = D50276BC21FEF0DC00A0DB5E /* Coredata.storyboard */; };
		D50276C021FEF4F400A0DB5E /* CoreDataService.swift in Sources */ = {isa = PBXBuildFile; fileRef = D50276BF21FEF4F400A0DB5E /* CoreDataService.swift */; };
		D50276CA21FEFC8400A0DB5E /* OneDayTests.swift in Sources */ = {isa = PBXBuildFile; fileRef = D50276C921FEFC8400A0DB5E /* OneDayTests.swift */; };
		D50276D221FEFCE900A0DB5E /* JournalServiceTest.swift in Sources */ = {isa = PBXBuildFile; fileRef = D50276D121FEFCE900A0DB5E /* JournalServiceTest.swift */; };
		D50276D521FEFD4500A0DB5E /* TestCoreDataStack.swift in Sources */ = {isa = PBXBuildFile; fileRef = D50276D421FEFD4500A0DB5E /* TestCoreDataStack.swift */; };
		D50276DA21FF09E100A0DB5E /* EntryServiceTest.swift in Sources */ = {isa = PBXBuildFile; fileRef = D50276D921FF09E100A0DB5E /* EntryServiceTest.swift */; };
		D50276E82202C79300A0DB5E /* TimeLineViewController.swift in Sources */ = {isa = PBXBuildFile; fileRef = D50276E72202C79300A0DB5E /* TimeLineViewController.swift */; };
		D50276EA2202C7EE00A0DB5E /* EntryViewController.swift in Sources */ = {isa = PBXBuildFile; fileRef = D50276E92202C7EE00A0DB5E /* EntryViewController.swift */; };
		D50276EC2202C82900A0DB5E /* DataStringSet.swift in Sources */ = {isa = PBXBuildFile; fileRef = D50276EB2202C82900A0DB5E /* DataStringSet.swift */; };
		D50276EE2202D3C700A0DB5E /* SampleTableViewCell.swift in Sources */ = {isa = PBXBuildFile; fileRef = D50276ED2202D3C700A0DB5E /* SampleTableViewCell.swift */; };
		D50276F222041DB100A0DB5E /* PhotosViewController.swift in Sources */ = {isa = PBXBuildFile; fileRef = D50276F122041DB100A0DB5E /* PhotosViewController.swift */; };
		D50276F422041DBA00A0DB5E /* MapViewController.swift in Sources */ = {isa = PBXBuildFile; fileRef = D50276F322041DBA00A0DB5E /* MapViewController.swift */; };
		D53782B922110E6800336646 /* Photos.storyboard in Resources */ = {isa = PBXBuildFile; fileRef = D53782B822110E6800336646 /* Photos.storyboard */; };
		D53782BD221113A100336646 /* PhotosCollectionViewCell.swift in Sources */ = {isa = PBXBuildFile; fileRef = D53782BC221113A100336646 /* PhotosCollectionViewCell.swift */; };
		D53782C022113B9E00336646 /* CreateEntryPhotosViewController.swift in Sources */ = {isa = PBXBuildFile; fileRef = D53782BF22113B9E00336646 /* CreateEntryPhotosViewController.swift */; };
		D53782C322113BAF00336646 /* CreateEntryCameraViewController.swift in Sources */ = {isa = PBXBuildFile; fileRef = D53782C222113BAF00336646 /* CreateEntryCameraViewController.swift */; };
		D561692321FAD07000E00FED /* AppDelegate.swift in Sources */ = {isa = PBXBuildFile; fileRef = D561692221FAD07000E00FED /* AppDelegate.swift */; };
		D561692521FAD07000E00FED /* MainTabBarViewController.swift in Sources */ = {isa = PBXBuildFile; fileRef = D561692421FAD07000E00FED /* MainTabBarViewController.swift */; };
		D561692821FAD07000E00FED /* Main.storyboard in Resources */ = {isa = PBXBuildFile; fileRef = D561692621FAD07000E00FED /* Main.storyboard */; };
		D561692D21FAD07200E00FED /* Assets.xcassets in Resources */ = {isa = PBXBuildFile; fileRef = D561692C21FAD07200E00FED /* Assets.xcassets */; };
		D561693021FAD07200E00FED /* LaunchScreen.storyboard in Resources */ = {isa = PBXBuildFile; fileRef = D561692E21FAD07200E00FED /* LaunchScreen.storyboard */; };
		E936659422110DF900DC660A /* BaseSlidingViewController.swift in Sources */ = {isa = PBXBuildFile; fileRef = E936659322110DF900DC660A /* BaseSlidingViewController.swift */; };
		E96BE83A21FAD96700266F6D /* Colors.xcassets in Resources */ = {isa = PBXBuildFile; fileRef = E96BE83921FAD96700266F6D /* Colors.xcassets */; };
		E96BE83F21FADA9600266F6D /* SideMenu.storyboard in Resources */ = {isa = PBXBuildFile; fileRef = E96BE83E21FADA9600266F6D /* SideMenu.storyboard */; };
		E96BE84121FADAAA00266F6D /* Setting.storyboard in Resources */ = {isa = PBXBuildFile; fileRef = E96BE84021FADAAA00266F6D /* Setting.storyboard */; };
		E992EC6121FAEDF500917116 /* SearchedKeywordCell.swift in Sources */ = {isa = PBXBuildFile; fileRef = E992EC6021FAEDF500917116 /* SearchedKeywordCell.swift */; };
		E992EC6321FAEDFD00917116 /* MatchingEntriesCell.swift in Sources */ = {isa = PBXBuildFile; fileRef = E992EC6221FAEDFD00917116 /* MatchingEntriesCell.swift */; };
		E992EC6521FAEE0600917116 /* FilterTableCell.swift in Sources */ = {isa = PBXBuildFile; fileRef = E992EC6421FAEE0600917116 /* FilterTableCell.swift */; };
		E992EC6821FAEE3300917116 /* SideMenuMainCell.swift in Sources */ = {isa = PBXBuildFile; fileRef = E992EC6721FAEE3300917116 /* SideMenuMainCell.swift */; };
		E992EC6A21FAEE3C00917116 /* SideMenuJournalListCell.swift in Sources */ = {isa = PBXBuildFile; fileRef = E992EC6921FAEE3C00917116 /* SideMenuJournalListCell.swift */; };
		E992EC6C21FAEE4500917116 /* SideMenuJournalAddCell.swift in Sources */ = {isa = PBXBuildFile; fileRef = E992EC6B21FAEE4500917116 /* SideMenuJournalAddCell.swift */; };
		E992EC6E21FAEE4D00917116 /* SideMenuEditCell.swift in Sources */ = {isa = PBXBuildFile; fileRef = E992EC6D21FAEE4D00917116 /* SideMenuEditCell.swift */; };
		E992EC7021FAEE5B00917116 /* FilterViewController.swift in Sources */ = {isa = PBXBuildFile; fileRef = E992EC6F21FAEE5B00917116 /* FilterViewController.swift */; };
		E992EC7221FAEE6700917116 /* SideMenuViewController.swift in Sources */ = {isa = PBXBuildFile; fileRef = E992EC7121FAEE6700917116 /* SideMenuViewController.swift */; };
		E992EC7421FAEE7100917116 /* TestViewController.swift in Sources */ = {isa = PBXBuildFile; fileRef = E992EC7321FAEE7100917116 /* TestViewController.swift */; };
		E992EC7821FAF4C200917116 /* CalendarViewController.swift in Sources */ = {isa = PBXBuildFile; fileRef = E992EC7721FAF4C200917116 /* CalendarViewController.swift */; };
		E992EC7A21FAFBC500917116 /* CalendarCell.swift in Sources */ = {isa = PBXBuildFile; fileRef = E992EC7921FAFBC500917116 /* CalendarCell.swift */; };
		E992EC7C21FB1E5500917116 /* CalendarHeaderView.swift in Sources */ = {isa = PBXBuildFile; fileRef = E992EC7B21FB1E5500917116 /* CalendarHeaderView.swift */; };
		E992EC7F21FB2CCE00917116 /* CalendarDaysOfWeek.swift in Sources */ = {isa = PBXBuildFile; fileRef = E992EC7E21FB2CCE00917116 /* CalendarDaysOfWeek.swift */; };
		E9DA39AC2203FCD30026381E /* FilterSection.swift in Sources */ = {isa = PBXBuildFile; fileRef = E9DA39AB2203FCD20026381E /* FilterSection.swift */; };
		EC0BB2252213E26F00E2BB6F /* EditorSettingTableViewCell.swift in Sources */ = {isa = PBXBuildFile; fileRef = EC0BB2242213E26F00E2BB6F /* EditorSettingTableViewCell.swift */; };
		EC0BB2272213FCEA00E2BB6F /* Setting.swift in Sources */ = {isa = PBXBuildFile; fileRef = EC0BB2262213FCEA00E2BB6F /* Setting.swift */; };
		EC0BB22C2215069500E2BB6F /* CustomPointAnnotaion.swift in Sources */ = {isa = PBXBuildFile; fileRef = EC0BB22B2215069500E2BB6F /* CustomPointAnnotaion.swift */; };
		EC0BB22E22150EA300E2BB6F /* APILocation.swift in Sources */ = {isa = PBXBuildFile; fileRef = EC0BB22D22150EA300E2BB6F /* APILocation.swift */; };
		EC0BB234221699F500E2BB6F /* BottomViewController.swift in Sources */ = {isa = PBXBuildFile; fileRef = EC0BB233221699F500E2BB6F /* BottomViewController.swift */; };
		EC0BB2362216A34700E2BB6F /* SendNotificationProtocol.swift in Sources */ = {isa = PBXBuildFile; fileRef = EC0BB2352216A34700E2BB6F /* SendNotificationProtocol.swift */; };
		EC0CFB0422030A29001293B1 /* WeatherService.swift in Sources */ = {isa = PBXBuildFile; fileRef = EC0CFB0322030A29001293B1 /* WeatherService.swift */; };
		EC0CFB0622030A53001293B1 /* APIWeather.swift in Sources */ = {isa = PBXBuildFile; fileRef = EC0CFB0522030A53001293B1 /* APIWeather.swift */; };
		EC0CFB0922030C1D001293B1 /* NetworkProvider.swift in Sources */ = {isa = PBXBuildFile; fileRef = EC0CFB0822030C1D001293B1 /* NetworkProvider.swift */; };
		EC5E21AB220425390073D90E /* LocationService.swift in Sources */ = {isa = PBXBuildFile; fileRef = EC5E21AA220425390073D90E /* LocationService.swift */; };
/* End PBXBuildFile section */

/* Begin PBXContainerItemProxy section */
		D50276CC21FEFC8500A0DB5E /* PBXContainerItemProxy */ = {
			isa = PBXContainerItemProxy;
			containerPortal = D561691721FAD07000E00FED /* Project object */;
			proxyType = 1;
			remoteGlobalIDString = D561691E21FAD07000E00FED;
			remoteInfo = OneDay;
		};
/* End PBXContainerItemProxy section */

/* Begin PBXFileReference section */
		0334D603A8EB8137C93DB4D1 /* Pods-OneDay.debug.xcconfig */ = {isa = PBXFileReference; includeInIndex = 1; lastKnownFileType = text.xcconfig; name = "Pods-OneDay.debug.xcconfig"; path = "Pods/Target Support Files/Pods-OneDay/Pods-OneDay.debug.xcconfig"; sourceTree = "<group>"; };
		3469E7E8A80EBF3C6908DBCC /* Pods-OneDay.release.xcconfig */ = {isa = PBXFileReference; includeInIndex = 1; lastKnownFileType = text.xcconfig; name = "Pods-OneDay.release.xcconfig"; path = "Pods/Target Support Files/Pods-OneDay/Pods-OneDay.release.xcconfig"; sourceTree = "<group>"; };
		B2F23636A5909B46DE93DFD2 /* Pods_OneDay.framework */ = {isa = PBXFileReference; explicitFileType = wrapper.framework; includeInIndex = 0; path = Pods_OneDay.framework; sourceTree = BUILT_PRODUCTS_DIR; };
		D502764221FB0B8400A0DB5E /* Journal+CoreDataClass.swift */ = {isa = PBXFileReference; lastKnownFileType = sourcecode.swift; path = "Journal+CoreDataClass.swift"; sourceTree = "<group>"; };
		D502764321FB0B8400A0DB5E /* Journal+CoreDataProperties.swift */ = {isa = PBXFileReference; lastKnownFileType = sourcecode.swift; path = "Journal+CoreDataProperties.swift"; sourceTree = "<group>"; };
		D502764421FB0B8400A0DB5E /* Weather+CoreDataClass.swift */ = {isa = PBXFileReference; lastKnownFileType = sourcecode.swift; path = "Weather+CoreDataClass.swift"; sourceTree = "<group>"; };
		D502764521FB0B8400A0DB5E /* Weather+CoreDataProperties.swift */ = {isa = PBXFileReference; lastKnownFileType = sourcecode.swift; path = "Weather+CoreDataProperties.swift"; sourceTree = "<group>"; };
		D502764821FB0B8400A0DB5E /* Entry+CoreDataClass.swift */ = {isa = PBXFileReference; lastKnownFileType = sourcecode.swift; path = "Entry+CoreDataClass.swift"; sourceTree = "<group>"; };
		D502764921FB0B8400A0DB5E /* Entry+CoreDataProperties.swift */ = {isa = PBXFileReference; lastKnownFileType = sourcecode.swift; path = "Entry+CoreDataProperties.swift"; sourceTree = "<group>"; };
		D502764A21FB0B8400A0DB5E /* Device+CoreDataClass.swift */ = {isa = PBXFileReference; lastKnownFileType = sourcecode.swift; path = "Device+CoreDataClass.swift"; sourceTree = "<group>"; };
		D502764B21FB0B8400A0DB5E /* Device+CoreDataProperties.swift */ = {isa = PBXFileReference; lastKnownFileType = sourcecode.swift; path = "Device+CoreDataProperties.swift"; sourceTree = "<group>"; };
		D502764C21FB0B8400A0DB5E /* Location+CoreDataClass.swift */ = {isa = PBXFileReference; lastKnownFileType = sourcecode.swift; path = "Location+CoreDataClass.swift"; sourceTree = "<group>"; };
		D502764D21FB0B8400A0DB5E /* Location+CoreDataProperties.swift */ = {isa = PBXFileReference; lastKnownFileType = sourcecode.swift; path = "Location+CoreDataProperties.swift"; sourceTree = "<group>"; };
		D502766121FB0D6000A0DB5E /* WeatherType.swift */ = {isa = PBXFileReference; lastKnownFileType = sourcecode.swift; path = WeatherType.swift; sourceTree = "<group>"; };
		D502766421FB138500A0DB5E /* EntryService.swift */ = {isa = PBXFileReference; lastKnownFileType = sourcecode.swift; path = EntryService.swift; sourceTree = "<group>"; };
		D502766621FB139300A0DB5E /* JournalService.swift */ = {isa = PBXFileReference; lastKnownFileType = sourcecode.swift; path = JournalService.swift; sourceTree = "<group>"; };
		D502769221FEA18000A0DB5E /* CoreDataStack.swift */ = {isa = PBXFileReference; lastKnownFileType = sourcecode.swift; path = CoreDataStack.swift; sourceTree = "<group>"; };
		D502769521FEA1CD00A0DB5E /* UIColor+NamedColor.swift */ = {isa = PBXFileReference; fileEncoding = 4; lastKnownFileType = sourcecode.swift; path = "UIColor+NamedColor.swift"; sourceTree = "<group>"; };
		D50276BA21FEEE4900A0DB5E /* SampleJournalsViewController.swift */ = {isa = PBXFileReference; lastKnownFileType = sourcecode.swift; path = SampleJournalsViewController.swift; sourceTree = "<group>"; };
		D50276BC21FEF0DC00A0DB5E /* Coredata.storyboard */ = {isa = PBXFileReference; lastKnownFileType = file.storyboard; path = Coredata.storyboard; sourceTree = "<group>"; };
		D50276BF21FEF4F400A0DB5E /* CoreDataService.swift */ = {isa = PBXFileReference; lastKnownFileType = sourcecode.swift; path = CoreDataService.swift; sourceTree = "<group>"; };
		D50276C721FEFC8400A0DB5E /* OneDayTests.xctest */ = {isa = PBXFileReference; explicitFileType = wrapper.cfbundle; includeInIndex = 0; path = OneDayTests.xctest; sourceTree = BUILT_PRODUCTS_DIR; };
		D50276C921FEFC8400A0DB5E /* OneDayTests.swift */ = {isa = PBXFileReference; lastKnownFileType = sourcecode.swift; path = OneDayTests.swift; sourceTree = "<group>"; };
		D50276CB21FEFC8400A0DB5E /* Info.plist */ = {isa = PBXFileReference; lastKnownFileType = text.plist.xml; path = Info.plist; sourceTree = "<group>"; };
		D50276D121FEFCE900A0DB5E /* JournalServiceTest.swift */ = {isa = PBXFileReference; lastKnownFileType = sourcecode.swift; path = JournalServiceTest.swift; sourceTree = "<group>"; };
		D50276D421FEFD4500A0DB5E /* TestCoreDataStack.swift */ = {isa = PBXFileReference; lastKnownFileType = sourcecode.swift; path = TestCoreDataStack.swift; sourceTree = "<group>"; };
		D50276D921FF09E100A0DB5E /* EntryServiceTest.swift */ = {isa = PBXFileReference; lastKnownFileType = sourcecode.swift; path = EntryServiceTest.swift; sourceTree = "<group>"; };
		D50276E72202C79300A0DB5E /* TimeLineViewController.swift */ = {isa = PBXFileReference; lastKnownFileType = sourcecode.swift; path = TimeLineViewController.swift; sourceTree = "<group>"; };
		D50276E92202C7EE00A0DB5E /* EntryViewController.swift */ = {isa = PBXFileReference; lastKnownFileType = sourcecode.swift; path = EntryViewController.swift; sourceTree = "<group>"; };
		D50276EB2202C82900A0DB5E /* DataStringSet.swift */ = {isa = PBXFileReference; lastKnownFileType = sourcecode.swift; path = DataStringSet.swift; sourceTree = "<group>"; };
		D50276ED2202D3C700A0DB5E /* SampleTableViewCell.swift */ = {isa = PBXFileReference; lastKnownFileType = sourcecode.swift; path = SampleTableViewCell.swift; sourceTree = "<group>"; };
		D50276F122041DB100A0DB5E /* PhotosViewController.swift */ = {isa = PBXFileReference; lastKnownFileType = sourcecode.swift; path = PhotosViewController.swift; sourceTree = "<group>"; };
		D50276F322041DBA00A0DB5E /* MapViewController.swift */ = {isa = PBXFileReference; lastKnownFileType = sourcecode.swift; path = MapViewController.swift; sourceTree = "<group>"; };
		D53782B822110E6800336646 /* Photos.storyboard */ = {isa = PBXFileReference; lastKnownFileType = file.storyboard; path = Photos.storyboard; sourceTree = "<group>"; };
		D53782BC221113A100336646 /* PhotosCollectionViewCell.swift */ = {isa = PBXFileReference; lastKnownFileType = sourcecode.swift; path = PhotosCollectionViewCell.swift; sourceTree = "<group>"; };
		D53782BF22113B9E00336646 /* CreateEntryPhotosViewController.swift */ = {isa = PBXFileReference; lastKnownFileType = sourcecode.swift; path = CreateEntryPhotosViewController.swift; sourceTree = "<group>"; };
		D53782C222113BAF00336646 /* CreateEntryCameraViewController.swift */ = {isa = PBXFileReference; lastKnownFileType = sourcecode.swift; path = CreateEntryCameraViewController.swift; sourceTree = "<group>"; };
		D561691F21FAD07000E00FED /* OneDay.app */ = {isa = PBXFileReference; explicitFileType = wrapper.application; includeInIndex = 0; path = OneDay.app; sourceTree = BUILT_PRODUCTS_DIR; };
		D561692221FAD07000E00FED /* AppDelegate.swift */ = {isa = PBXFileReference; lastKnownFileType = sourcecode.swift; path = AppDelegate.swift; sourceTree = "<group>"; };
		D561692421FAD07000E00FED /* MainTabBarViewController.swift */ = {isa = PBXFileReference; lastKnownFileType = sourcecode.swift; path = MainTabBarViewController.swift; sourceTree = "<group>"; };
		D561692721FAD07000E00FED /* Base */ = {isa = PBXFileReference; lastKnownFileType = file.storyboard; name = Base; path = Base.lproj/Main.storyboard; sourceTree = "<group>"; };
		D561692A21FAD07000E00FED /* OneDay.xcdatamodel */ = {isa = PBXFileReference; lastKnownFileType = wrapper.xcdatamodel; path = OneDay.xcdatamodel; sourceTree = "<group>"; };
		D561692C21FAD07200E00FED /* Assets.xcassets */ = {isa = PBXFileReference; lastKnownFileType = folder.assetcatalog; path = Assets.xcassets; sourceTree = "<group>"; };
		D561692F21FAD07200E00FED /* Base */ = {isa = PBXFileReference; lastKnownFileType = file.storyboard; name = Base; path = Base.lproj/LaunchScreen.storyboard; sourceTree = "<group>"; };
		D561693121FAD07200E00FED /* Info.plist */ = {isa = PBXFileReference; lastKnownFileType = text.plist.xml; path = Info.plist; sourceTree = "<group>"; };
		E936659322110DF900DC660A /* BaseSlidingViewController.swift */ = {isa = PBXFileReference; lastKnownFileType = sourcecode.swift; path = BaseSlidingViewController.swift; sourceTree = "<group>"; };
		E96BE83921FAD96700266F6D /* Colors.xcassets */ = {isa = PBXFileReference; lastKnownFileType = folder.assetcatalog; path = Colors.xcassets; sourceTree = "<group>"; };
		E96BE83E21FADA9600266F6D /* SideMenu.storyboard */ = {isa = PBXFileReference; lastKnownFileType = file.storyboard; path = SideMenu.storyboard; sourceTree = "<group>"; };
		E96BE84021FADAAA00266F6D /* Setting.storyboard */ = {isa = PBXFileReference; lastKnownFileType = file.storyboard; path = Setting.storyboard; sourceTree = "<group>"; };
		E992EC6021FAEDF500917116 /* SearchedKeywordCell.swift */ = {isa = PBXFileReference; lastKnownFileType = sourcecode.swift; path = SearchedKeywordCell.swift; sourceTree = "<group>"; };
		E992EC6221FAEDFD00917116 /* MatchingEntriesCell.swift */ = {isa = PBXFileReference; lastKnownFileType = sourcecode.swift; path = MatchingEntriesCell.swift; sourceTree = "<group>"; };
		E992EC6421FAEE0600917116 /* FilterTableCell.swift */ = {isa = PBXFileReference; lastKnownFileType = sourcecode.swift; path = FilterTableCell.swift; sourceTree = "<group>"; };
		E992EC6721FAEE3300917116 /* SideMenuMainCell.swift */ = {isa = PBXFileReference; lastKnownFileType = sourcecode.swift; path = SideMenuMainCell.swift; sourceTree = "<group>"; };
		E992EC6921FAEE3C00917116 /* SideMenuJournalListCell.swift */ = {isa = PBXFileReference; lastKnownFileType = sourcecode.swift; path = SideMenuJournalListCell.swift; sourceTree = "<group>"; };
		E992EC6B21FAEE4500917116 /* SideMenuJournalAddCell.swift */ = {isa = PBXFileReference; lastKnownFileType = sourcecode.swift; path = SideMenuJournalAddCell.swift; sourceTree = "<group>"; };
		E992EC6D21FAEE4D00917116 /* SideMenuEditCell.swift */ = {isa = PBXFileReference; lastKnownFileType = sourcecode.swift; path = SideMenuEditCell.swift; sourceTree = "<group>"; };
		E992EC6F21FAEE5B00917116 /* FilterViewController.swift */ = {isa = PBXFileReference; lastKnownFileType = sourcecode.swift; path = FilterViewController.swift; sourceTree = "<group>"; };
		E992EC7121FAEE6700917116 /* SideMenuViewController.swift */ = {isa = PBXFileReference; lastKnownFileType = sourcecode.swift; path = SideMenuViewController.swift; sourceTree = "<group>"; };
		E992EC7321FAEE7100917116 /* TestViewController.swift */ = {isa = PBXFileReference; lastKnownFileType = sourcecode.swift; path = TestViewController.swift; sourceTree = "<group>"; };
		E992EC7721FAF4C200917116 /* CalendarViewController.swift */ = {isa = PBXFileReference; lastKnownFileType = sourcecode.swift; path = CalendarViewController.swift; sourceTree = "<group>"; };
		E992EC7921FAFBC500917116 /* CalendarCell.swift */ = {isa = PBXFileReference; lastKnownFileType = sourcecode.swift; path = CalendarCell.swift; sourceTree = "<group>"; };
		E992EC7B21FB1E5500917116 /* CalendarHeaderView.swift */ = {isa = PBXFileReference; lastKnownFileType = sourcecode.swift; path = CalendarHeaderView.swift; sourceTree = "<group>"; };
		E992EC7E21FB2CCE00917116 /* CalendarDaysOfWeek.swift */ = {isa = PBXFileReference; lastKnownFileType = sourcecode.swift; path = CalendarDaysOfWeek.swift; sourceTree = "<group>"; };
		E9DA39AB2203FCD20026381E /* FilterSection.swift */ = {isa = PBXFileReference; lastKnownFileType = sourcecode.swift; path = FilterSection.swift; sourceTree = "<group>"; };
		EC0BB2242213E26F00E2BB6F /* EditorSettingTableViewCell.swift */ = {isa = PBXFileReference; lastKnownFileType = sourcecode.swift; path = EditorSettingTableViewCell.swift; sourceTree = "<group>"; };
		EC0BB2262213FCEA00E2BB6F /* Setting.swift */ = {isa = PBXFileReference; lastKnownFileType = sourcecode.swift; path = Setting.swift; sourceTree = "<group>"; };
		EC0BB22B2215069500E2BB6F /* CustomPointAnnotaion.swift */ = {isa = PBXFileReference; lastKnownFileType = sourcecode.swift; path = CustomPointAnnotaion.swift; sourceTree = "<group>"; };
		EC0BB22D22150EA300E2BB6F /* APILocation.swift */ = {isa = PBXFileReference; lastKnownFileType = sourcecode.swift; path = APILocation.swift; sourceTree = "<group>"; };
		EC0BB233221699F500E2BB6F /* BottomViewController.swift */ = {isa = PBXFileReference; lastKnownFileType = sourcecode.swift; path = BottomViewController.swift; sourceTree = "<group>"; };
		EC0BB2352216A34700E2BB6F /* SendNotificationProtocol.swift */ = {isa = PBXFileReference; lastKnownFileType = sourcecode.swift; path = SendNotificationProtocol.swift; sourceTree = "<group>"; };
		EC0CFB0322030A29001293B1 /* WeatherService.swift */ = {isa = PBXFileReference; lastKnownFileType = sourcecode.swift; path = WeatherService.swift; sourceTree = "<group>"; };
		EC0CFB0522030A53001293B1 /* APIWeather.swift */ = {isa = PBXFileReference; lastKnownFileType = sourcecode.swift; path = APIWeather.swift; sourceTree = "<group>"; };
		EC0CFB0822030C1D001293B1 /* NetworkProvider.swift */ = {isa = PBXFileReference; lastKnownFileType = sourcecode.swift; path = NetworkProvider.swift; sourceTree = "<group>"; };
		EC5E21AA220425390073D90E /* LocationService.swift */ = {isa = PBXFileReference; lastKnownFileType = sourcecode.swift; path = LocationService.swift; sourceTree = "<group>"; };
/* End PBXFileReference section */

/* Begin PBXFrameworksBuildPhase section */
		D50276C421FEFC8400A0DB5E /* Frameworks */ = {
			isa = PBXFrameworksBuildPhase;
			buildActionMask = 2147483647;
			files = (
			);
			runOnlyForDeploymentPostprocessing = 0;
		};
		D561691C21FAD07000E00FED /* Frameworks */ = {
			isa = PBXFrameworksBuildPhase;
			buildActionMask = 2147483647;
			files = (
				788DDD3D0837F8506B1F924C /* Pods_OneDay.framework in Frameworks */,
			);
			runOnlyForDeploymentPostprocessing = 0;
		};
/* End PBXFrameworksBuildPhase section */

/* Begin PBXGroup section */
		0E97F36932421EACCDFBF197 /* Frameworks */ = {
			isa = PBXGroup;
			children = (
				B2F23636A5909B46DE93DFD2 /* Pods_OneDay.framework */,
			);
			name = Frameworks;
			sourceTree = "<group>";
		};
		D502763F21FB0B5E00A0DB5E /* Model */ = {
			isa = PBXGroup;
			children = (
				D502764221FB0B8400A0DB5E /* Journal+CoreDataClass.swift */,
				D502764321FB0B8400A0DB5E /* Journal+CoreDataProperties.swift */,
				D502764421FB0B8400A0DB5E /* Weather+CoreDataClass.swift */,
				D502764521FB0B8400A0DB5E /* Weather+CoreDataProperties.swift */,
				D502764821FB0B8400A0DB5E /* Entry+CoreDataClass.swift */,
				D502764921FB0B8400A0DB5E /* Entry+CoreDataProperties.swift */,
				D502764A21FB0B8400A0DB5E /* Device+CoreDataClass.swift */,
				D502764B21FB0B8400A0DB5E /* Device+CoreDataProperties.swift */,
				D502764C21FB0B8400A0DB5E /* Location+CoreDataClass.swift */,
				D502764D21FB0B8400A0DB5E /* Location+CoreDataProperties.swift */,
				D502766121FB0D6000A0DB5E /* WeatherType.swift */,
				D50276EB2202C82900A0DB5E /* DataStringSet.swift */,
				EC0CFB0522030A53001293B1 /* APIWeather.swift */,
				E9DA39AB2203FCD20026381E /* FilterSection.swift */,
				EC0BB2262213FCEA00E2BB6F /* Setting.swift */,
				EC0BB22D22150EA300E2BB6F /* APILocation.swift */,
			);
			path = Model;
			sourceTree = "<group>";
		};
		D502766321FB137300A0DB5E /* Service */ = {
			isa = PBXGroup;
			children = (
				D50276BF21FEF4F400A0DB5E /* CoreDataService.swift */,
				D502766621FB139300A0DB5E /* JournalService.swift */,
				D502766421FB138500A0DB5E /* EntryService.swift */,
				EC0CFB0322030A29001293B1 /* WeatherService.swift */,
				EC5E21AA220425390073D90E /* LocationService.swift */,
			);
			path = Service;
			sourceTree = "<group>";
		};
		D502769121FEA16D00A0DB5E /* CoreData */ = {
			isa = PBXGroup;
			children = (
				D502769221FEA18000A0DB5E /* CoreDataStack.swift */,
			);
			path = CoreData;
			sourceTree = "<group>";
		};
		D502769421FEA1AA00A0DB5E /* Extensions */ = {
			isa = PBXGroup;
			children = (
				D502769521FEA1CD00A0DB5E /* UIColor+NamedColor.swift */,
			);
			path = Extensions;
			sourceTree = "<group>";
		};
		D50276C821FEFC8400A0DB5E /* OneDayTests */ = {
			isa = PBXGroup;
			children = (
				D50276D321FEFCF900A0DB5E /* Service */,
				D50276C921FEFC8400A0DB5E /* OneDayTests.swift */,
				D50276CB21FEFC8400A0DB5E /* Info.plist */,
			);
			path = OneDayTests;
			sourceTree = "<group>";
		};
		D50276D321FEFCF900A0DB5E /* Service */ = {
			isa = PBXGroup;
			children = (
				D50276D121FEFCE900A0DB5E /* JournalServiceTest.swift */,
				D50276D421FEFD4500A0DB5E /* TestCoreDataStack.swift */,
				D50276D921FF09E100A0DB5E /* EntryServiceTest.swift */,
			);
			path = Service;
			sourceTree = "<group>";
		};
		D50276E52202C77100A0DB5E /* Sample */ = {
			isa = PBXGroup;
			children = (
				D50276BA21FEEE4900A0DB5E /* SampleJournalsViewController.swift */,
			);
			path = Sample;
			sourceTree = "<group>";
		};
		D53782BB2211138900336646 /* Photos */ = {
			isa = PBXGroup;
			children = (
				D53782BC221113A100336646 /* PhotosCollectionViewCell.swift */,
			);
			path = Photos;
			sourceTree = "<group>";
		};
		D53782BE22113B7600336646 /* Entry */ = {
			isa = PBXGroup;
			children = (
				D53782BF22113B9E00336646 /* CreateEntryPhotosViewController.swift */,
				D53782C222113BAF00336646 /* CreateEntryCameraViewController.swift */,
			);
			path = Entry;
			sourceTree = "<group>";
		};
		D561691621FAD07000E00FED = {
			isa = PBXGroup;
			children = (
				D561692121FAD07000E00FED /* OneDay */,
				D50276C821FEFC8400A0DB5E /* OneDayTests */,
				D561692021FAD07000E00FED /* Products */,
				EB1B7AD6529795DA447F6EEB /* Pods */,
				0E97F36932421EACCDFBF197 /* Frameworks */,
			);
			sourceTree = "<group>";
		};
		D561692021FAD07000E00FED /* Products */ = {
			isa = PBXGroup;
			children = (
				D561691F21FAD07000E00FED /* OneDay.app */,
				D50276C721FEFC8400A0DB5E /* OneDayTests.xctest */,
			);
			name = Products;
			sourceTree = "<group>";
		};
		D561692121FAD07000E00FED /* OneDay */ = {
			isa = PBXGroup;
			children = (
				EC0CFB0722030BFB001293B1 /* Provider */,
				D502769421FEA1AA00A0DB5E /* Extensions */,
				D502769121FEA16D00A0DB5E /* CoreData */,
				D502766321FB137300A0DB5E /* Service */,
				D502763F21FB0B5E00A0DB5E /* Model */,
				E96BE83421FAD8E100266F6D /* AppDelegate */,
				E96BE83321FAD8DB00266F6D /* Views */,
				E96BE83821FAD91800266F6D /* Resources */,
				E96BE83721FAD90A00266F6D /* Controller */,
				D561692921FAD07000E00FED /* OneDay.xcdatamodeld */,
			);
			path = OneDay;
			sourceTree = "<group>";
		};
		E96BE83321FAD8DB00266F6D /* Views */ = {
			isa = PBXGroup;
			children = (
				EC0BB22A2215067500E2BB6F /* Annotation */,
				EC0BB2212213E1E900E2BB6F /* EditorSettingCell */,
				D53782BB2211138900336646 /* Photos */,
				E992EC7D21FB2CAD00917116 /* Calendar */,
				E992EC5E21FAEDD100917116 /* FilterCell */,
				E992EC5F21FAEDDA00917116 /* SideMenuCell */,
				E96BE83B21FAD98500266F6D /* Storyboards */,
				D50276ED2202D3C700A0DB5E /* SampleTableViewCell.swift */,
			);
			path = Views;
			sourceTree = "<group>";
		};
		E96BE83421FAD8E100266F6D /* AppDelegate */ = {
			isa = PBXGroup;
			children = (
				D561692221FAD07000E00FED /* AppDelegate.swift */,
			);
			path = AppDelegate;
			sourceTree = "<group>";
		};
		E96BE83721FAD90A00266F6D /* Controller */ = {
			isa = PBXGroup;
			children = (
				D53782BE22113B7600336646 /* Entry */,
				D50276E92202C7EE00A0DB5E /* EntryViewController.swift */,
				EC0BB233221699F500E2BB6F /* BottomViewController.swift */,
				EC0BB2352216A34700E2BB6F /* SendNotificationProtocol.swift */,
				D50276E72202C79300A0DB5E /* TimeLineViewController.swift */,
				D50276E52202C77100A0DB5E /* Sample */,
				E936659322110DF900DC660A /* BaseSlidingViewController.swift */,
				E992EC6F21FAEE5B00917116 /* FilterViewController.swift */,
				E992EC7121FAEE6700917116 /* SideMenuViewController.swift */,
				E992EC7321FAEE7100917116 /* TestViewController.swift */,
				E992EC7721FAF4C200917116 /* CalendarViewController.swift */,
				D561692421FAD07000E00FED /* MainTabBarViewController.swift */,
				D50276F122041DB100A0DB5E /* PhotosViewController.swift */,
				D50276F322041DBA00A0DB5E /* MapViewController.swift */,
			);
			path = Controller;
			sourceTree = "<group>";
		};
		E96BE83821FAD91800266F6D /* Resources */ = {
			isa = PBXGroup;
			children = (
				D561693121FAD07200E00FED /* Info.plist */,
				D561692C21FAD07200E00FED /* Assets.xcassets */,
				E96BE83921FAD96700266F6D /* Colors.xcassets */,
			);
			path = Resources;
			sourceTree = "<group>";
		};
		E96BE83B21FAD98500266F6D /* Storyboards */ = {
			isa = PBXGroup;
			children = (
				D561692E21FAD07200E00FED /* LaunchScreen.storyboard */,
				D561692621FAD07000E00FED /* Main.storyboard */,
				E96BE84021FADAAA00266F6D /* Setting.storyboard */,
				D50276BC21FEF0DC00A0DB5E /* Coredata.storyboard */,
				E96BE83E21FADA9600266F6D /* SideMenu.storyboard */,
				D53782B822110E6800336646 /* Photos.storyboard */,
			);
			path = Storyboards;
			sourceTree = "<group>";
		};
		E992EC5E21FAEDD100917116 /* FilterCell */ = {
			isa = PBXGroup;
			children = (
				E992EC6021FAEDF500917116 /* SearchedKeywordCell.swift */,
				E992EC6221FAEDFD00917116 /* MatchingEntriesCell.swift */,
				E992EC6421FAEE0600917116 /* FilterTableCell.swift */,
			);
			path = FilterCell;
			sourceTree = "<group>";
		};
		E992EC5F21FAEDDA00917116 /* SideMenuCell */ = {
			isa = PBXGroup;
			children = (
				E992EC6721FAEE3300917116 /* SideMenuMainCell.swift */,
				E992EC6921FAEE3C00917116 /* SideMenuJournalListCell.swift */,
				E992EC6B21FAEE4500917116 /* SideMenuJournalAddCell.swift */,
				E992EC6D21FAEE4D00917116 /* SideMenuEditCell.swift */,
			);
			path = SideMenuCell;
			sourceTree = "<group>";
		};
		E992EC7D21FB2CAD00917116 /* Calendar */ = {
			isa = PBXGroup;
			children = (
				E992EC7921FAFBC500917116 /* CalendarCell.swift */,
				E992EC7B21FB1E5500917116 /* CalendarHeaderView.swift */,
				E992EC7E21FB2CCE00917116 /* CalendarDaysOfWeek.swift */,
			);
			path = Calendar;
			sourceTree = "<group>";
		};
		EB1B7AD6529795DA447F6EEB /* Pods */ = {
			isa = PBXGroup;
			children = (
				0334D603A8EB8137C93DB4D1 /* Pods-OneDay.debug.xcconfig */,
				3469E7E8A80EBF3C6908DBCC /* Pods-OneDay.release.xcconfig */,
			);
			name = Pods;
			sourceTree = "<group>";
		};
		EC0BB2212213E1E900E2BB6F /* EditorSettingCell */ = {
			isa = PBXGroup;
			children = (
				EC0BB2242213E26F00E2BB6F /* EditorSettingTableViewCell.swift */,
			);
			path = EditorSettingCell;
			sourceTree = "<group>";
		};
		EC0BB22A2215067500E2BB6F /* Annotation */ = {
			isa = PBXGroup;
			children = (
				EC0BB22B2215069500E2BB6F /* CustomPointAnnotaion.swift */,
			);
			path = Annotation;
			sourceTree = "<group>";
		};
		EC0CFB0722030BFB001293B1 /* Provider */ = {
			isa = PBXGroup;
			children = (
				EC0CFB0822030C1D001293B1 /* NetworkProvider.swift */,
			);
			path = Provider;
			sourceTree = "<group>";
		};
/* End PBXGroup section */

/* Begin PBXNativeTarget section */
		D50276C621FEFC8400A0DB5E /* OneDayTests */ = {
			isa = PBXNativeTarget;
			buildConfigurationList = D50276CE21FEFC8500A0DB5E /* Build configuration list for PBXNativeTarget "OneDayTests" */;
			buildPhases = (
				D50276C321FEFC8400A0DB5E /* Sources */,
				D50276C421FEFC8400A0DB5E /* Frameworks */,
				D50276C521FEFC8400A0DB5E /* Resources */,
			);
			buildRules = (
			);
			dependencies = (
				D50276CD21FEFC8500A0DB5E /* PBXTargetDependency */,
			);
			name = OneDayTests;
			productName = OneDayTests;
			productReference = D50276C721FEFC8400A0DB5E /* OneDayTests.xctest */;
			productType = "com.apple.product-type.bundle.unit-test";
		};
		D561691E21FAD07000E00FED /* OneDay */ = {
			isa = PBXNativeTarget;
			buildConfigurationList = D561693421FAD07200E00FED /* Build configuration list for PBXNativeTarget "OneDay" */;
			buildPhases = (
				0849CCACFAD5454D8235CC12 /* [CP] Check Pods Manifest.lock */,
				D561698521FAE29800E00FED /* SwiftLint */,
				D561691B21FAD07000E00FED /* Sources */,
				D561691C21FAD07000E00FED /* Frameworks */,
				D561691D21FAD07000E00FED /* Resources */,
			);
			buildRules = (
			);
			dependencies = (
			);
			name = OneDay;
			productName = OneDay;
			productReference = D561691F21FAD07000E00FED /* OneDay.app */;
			productType = "com.apple.product-type.application";
		};
/* End PBXNativeTarget section */

/* Begin PBXProject section */
		D561691721FAD07000E00FED /* Project object */ = {
			isa = PBXProject;
			attributes = {
				LastSwiftUpdateCheck = 1010;
				LastUpgradeCheck = 1010;
				ORGANIZATIONNAME = teamA2;
				TargetAttributes = {
					D50276C621FEFC8400A0DB5E = {
						CreatedOnToolsVersion = 10.1;
						TestTargetID = D561691E21FAD07000E00FED;
					};
					D561691E21FAD07000E00FED = {
						CreatedOnToolsVersion = 10.1;
					};
				};
			};
			buildConfigurationList = D561691A21FAD07000E00FED /* Build configuration list for PBXProject "OneDay" */;
			compatibilityVersion = "Xcode 9.3";
			developmentRegion = en;
			hasScannedForEncodings = 0;
			knownRegions = (
				en,
				Base,
			);
			mainGroup = D561691621FAD07000E00FED;
			productRefGroup = D561692021FAD07000E00FED /* Products */;
			projectDirPath = "";
			projectRoot = "";
			targets = (
				D561691E21FAD07000E00FED /* OneDay */,
				D50276C621FEFC8400A0DB5E /* OneDayTests */,
			);
		};
/* End PBXProject section */

/* Begin PBXResourcesBuildPhase section */
		D50276C521FEFC8400A0DB5E /* Resources */ = {
			isa = PBXResourcesBuildPhase;
			buildActionMask = 2147483647;
			files = (
			);
			runOnlyForDeploymentPostprocessing = 0;
		};
		D561691D21FAD07000E00FED /* Resources */ = {
			isa = PBXResourcesBuildPhase;
			buildActionMask = 2147483647;
			files = (
				E96BE83F21FADA9600266F6D /* SideMenu.storyboard in Resources */,
				D561693021FAD07200E00FED /* LaunchScreen.storyboard in Resources */,
				E96BE84121FADAAA00266F6D /* Setting.storyboard in Resources */,
				D50276BD21FEF0DC00A0DB5E /* Coredata.storyboard in Resources */,
				D561692D21FAD07200E00FED /* Assets.xcassets in Resources */,
				D53782B922110E6800336646 /* Photos.storyboard in Resources */,
				E96BE83A21FAD96700266F6D /* Colors.xcassets in Resources */,
				D561692821FAD07000E00FED /* Main.storyboard in Resources */,
			);
			runOnlyForDeploymentPostprocessing = 0;
		};
/* End PBXResourcesBuildPhase section */

/* Begin PBXShellScriptBuildPhase section */
		0849CCACFAD5454D8235CC12 /* [CP] Check Pods Manifest.lock */ = {
			isa = PBXShellScriptBuildPhase;
			buildActionMask = 2147483647;
			files = (
			);
			inputFileListPaths = (
			);
			inputPaths = (
				"${PODS_PODFILE_DIR_PATH}/Podfile.lock",
				"${PODS_ROOT}/Manifest.lock",
			);
			name = "[CP] Check Pods Manifest.lock";
			outputFileListPaths = (
			);
			outputPaths = (
				"$(DERIVED_FILE_DIR)/Pods-OneDay-checkManifestLockResult.txt",
			);
			runOnlyForDeploymentPostprocessing = 0;
			shellPath = /bin/sh;
			shellScript = "diff \"${PODS_PODFILE_DIR_PATH}/Podfile.lock\" \"${PODS_ROOT}/Manifest.lock\" > /dev/null\nif [ $? != 0 ] ; then\n    # print error to STDERR\n    echo \"error: The sandbox is not in sync with the Podfile.lock. Run 'pod install' or update your CocoaPods installation.\" >&2\n    exit 1\nfi\n# This output is used by Xcode 'outputs' to avoid re-running this script phase.\necho \"SUCCESS\" > \"${SCRIPT_OUTPUT_FILE_0}\"\n";
			showEnvVarsInLog = 0;
		};
		D561698521FAE29800E00FED /* SwiftLint */ = {
			isa = PBXShellScriptBuildPhase;
			buildActionMask = 2147483647;
			files = (
			);
			inputFileListPaths = (
			);
			inputPaths = (
			);
			name = SwiftLint;
			outputFileListPaths = (
			);
			outputPaths = (
			);
			runOnlyForDeploymentPostprocessing = 0;
			shellPath = /bin/sh;
			shellScript = "if which swiftlint >/dev/null; then\nswiftlint\nelse\necho \"warning: SwiftLint not installed, download from https://github.com/realm/SwiftLint\"\nfi\n";
		};
/* End PBXShellScriptBuildPhase section */

/* Begin PBXSourcesBuildPhase section */
		D50276C321FEFC8400A0DB5E /* Sources */ = {
			isa = PBXSourcesBuildPhase;
			buildActionMask = 2147483647;
			files = (
				D50276DA21FF09E100A0DB5E /* EntryServiceTest.swift in Sources */,
				D50276CA21FEFC8400A0DB5E /* OneDayTests.swift in Sources */,
				D50276D221FEFCE900A0DB5E /* JournalServiceTest.swift in Sources */,
				D50276D521FEFD4500A0DB5E /* TestCoreDataStack.swift in Sources */,
			);
			runOnlyForDeploymentPostprocessing = 0;
		};
		D561691B21FAD07000E00FED /* Sources */ = {
			isa = PBXSourcesBuildPhase;
			buildActionMask = 2147483647;
			files = (
				E992EC6521FAEE0600917116 /* FilterTableCell.swift in Sources */,
				E992EC6E21FAEE4D00917116 /* SideMenuEditCell.swift in Sources */,
				E992EC6A21FAEE3C00917116 /* SideMenuJournalListCell.swift in Sources */,
				E992EC6121FAEDF500917116 /* SearchedKeywordCell.swift in Sources */,
				E992EC7A21FAFBC500917116 /* CalendarCell.swift in Sources */,
				E992EC7221FAEE6700917116 /* SideMenuViewController.swift in Sources */,
				E992EC7821FAF4C200917116 /* CalendarViewController.swift in Sources */,
				E992EC7421FAEE7100917116 /* TestViewController.swift in Sources */,
				D561692521FAD07000E00FED /* MainTabBarViewController.swift in Sources */,
				EC0BB22E22150EA300E2BB6F /* APILocation.swift in Sources */,
				E992EC7021FAEE5B00917116 /* FilterViewController.swift in Sources */,
				E992EC6321FAEDFD00917116 /* MatchingEntriesCell.swift in Sources */,
				E992EC7C21FB1E5500917116 /* CalendarHeaderView.swift in Sources */,
				D561692321FAD07000E00FED /* AppDelegate.swift in Sources */,
				E992EC6821FAEE3300917116 /* SideMenuMainCell.swift in Sources */,
				E9DA39AC2203FCD30026381E /* FilterSection.swift in Sources */,
				E992EC6C21FAEE4500917116 /* SideMenuJournalAddCell.swift in Sources */,
				E992EC7F21FB2CCE00917116 /* CalendarDaysOfWeek.swift in Sources */,
				D50276B921FED1D200A0DB5E /* OneDay.xcdatamodeld in Sources */,
				D50276F222041DB100A0DB5E /* PhotosViewController.swift in Sources */,
				D50276EE2202D3C700A0DB5E /* SampleTableViewCell.swift in Sources */,
				EC0CFB0922030C1D001293B1 /* NetworkProvider.swift in Sources */,
				D502769321FEA18000A0DB5E /* CoreDataStack.swift in Sources */,
				D502765421FB0B8400A0DB5E /* Weather+CoreDataClass.swift in Sources */,
				D561692521FAD07000E00FED /* MainTabBarViewController.swift in Sources */,
				EC0BB234221699F500E2BB6F /* BottomViewController.swift in Sources */,
				D502765521FB0B8400A0DB5E /* Weather+CoreDataProperties.swift in Sources */,
				D50276BB21FEEE4900A0DB5E /* SampleJournalsViewController.swift in Sources */,
				D502769621FEA1CE00A0DB5E /* UIColor+NamedColor.swift in Sources */,
				D502765C21FB0B8400A0DB5E /* Location+CoreDataClass.swift in Sources */,
				D502765B21FB0B8400A0DB5E /* Device+CoreDataProperties.swift in Sources */,
				EC0CFB0622030A53001293B1 /* APIWeather.swift in Sources */,
				D502765C21FB0B8400A0DB5E /* Location+CoreDataClass.swift in Sources */,
				D502765B21FB0B8400A0DB5E /* Device+CoreDataProperties.swift in Sources */,
				E936659422110DF900DC660A /* BaseSlidingViewController.swift in Sources */,
				D53782BD221113A100336646 /* PhotosCollectionViewCell.swift in Sources */,
				D502765321FB0B8400A0DB5E /* Journal+CoreDataProperties.swift in Sources */,
				D502766721FB139300A0DB5E /* JournalService.swift in Sources */,
				EC5E21AB220425390073D90E /* LocationService.swift in Sources */,
				D561692321FAD07000E00FED /* AppDelegate.swift in Sources */,
				D50276E82202C79300A0DB5E /* TimeLineViewController.swift in Sources */,
				D50276C021FEF4F400A0DB5E /* CoreDataService.swift in Sources */,
				D502766221FB0D6000A0DB5E /* WeatherType.swift in Sources */,
				D502765921FB0B8400A0DB5E /* Entry+CoreDataProperties.swift in Sources */,
				EC0BB2252213E26F00E2BB6F /* EditorSettingTableViewCell.swift in Sources */,
				D53782C322113BAF00336646 /* CreateEntryCameraViewController.swift in Sources */,
				D502765A21FB0B8400A0DB5E /* Device+CoreDataClass.swift in Sources */,
				D50276EA2202C7EE00A0DB5E /* EntryViewController.swift in Sources */,
				D50276EC2202C82900A0DB5E /* DataStringSet.swift in Sources */,
				EC0CFB0422030A29001293B1 /* WeatherService.swift in Sources */,
				D50276F422041DBA00A0DB5E /* MapViewController.swift in Sources */,
				D502765D21FB0B8400A0DB5E /* Location+CoreDataProperties.swift in Sources */,
				EC0BB22C2215069500E2BB6F /* CustomPointAnnotaion.swift in Sources */,
				EC0BB2272213FCEA00E2BB6F /* Setting.swift in Sources */,
				EC0BB2362216A34700E2BB6F /* SendNotificationProtocol.swift in Sources */,
				D502765821FB0B8400A0DB5E /* Entry+CoreDataClass.swift in Sources */,
				D502765221FB0B8400A0DB5E /* Journal+CoreDataClass.swift in Sources */,
				D53782C022113B9E00336646 /* CreateEntryPhotosViewController.swift in Sources */,
				D502766521FB138500A0DB5E /* EntryService.swift in Sources */,
			);
			runOnlyForDeploymentPostprocessing = 0;
		};
/* End PBXSourcesBuildPhase section */

/* Begin PBXTargetDependency section */
		D50276CD21FEFC8500A0DB5E /* PBXTargetDependency */ = {
			isa = PBXTargetDependency;
			target = D561691E21FAD07000E00FED /* OneDay */;
			targetProxy = D50276CC21FEFC8500A0DB5E /* PBXContainerItemProxy */;
		};
/* End PBXTargetDependency section */

/* Begin PBXVariantGroup section */
		D561692621FAD07000E00FED /* Main.storyboard */ = {
			isa = PBXVariantGroup;
			children = (
				D561692721FAD07000E00FED /* Base */,
			);
			name = Main.storyboard;
			sourceTree = "<group>";
		};
		D561692E21FAD07200E00FED /* LaunchScreen.storyboard */ = {
			isa = PBXVariantGroup;
			children = (
				D561692F21FAD07200E00FED /* Base */,
			);
			name = LaunchScreen.storyboard;
			sourceTree = "<group>";
		};
/* End PBXVariantGroup section */

/* Begin XCBuildConfiguration section */
		D50276CF21FEFC8500A0DB5E /* Debug */ = {
			isa = XCBuildConfiguration;
			buildSettings = {
				BUNDLE_LOADER = "$(TEST_HOST)";
				CODE_SIGN_STYLE = Automatic;
				INFOPLIST_FILE = OneDayTests/Info.plist;
				LD_RUNPATH_SEARCH_PATHS = (
					"$(inherited)",
					"@executable_path/Frameworks",
					"@loader_path/Frameworks",
				);
				PRODUCT_BUNDLE_IDENTIFIER = com.boostcamp3.OneDayTests;
				PRODUCT_NAME = "$(TARGET_NAME)";
				SWIFT_VERSION = 4.2;
				TARGETED_DEVICE_FAMILY = "1,2";
				TEST_HOST = "$(BUILT_PRODUCTS_DIR)/OneDay.app/OneDay";
			};
			name = Debug;
		};
		D50276D021FEFC8500A0DB5E /* Release */ = {
			isa = XCBuildConfiguration;
			buildSettings = {
				BUNDLE_LOADER = "$(TEST_HOST)";
				CODE_SIGN_STYLE = Automatic;
				INFOPLIST_FILE = OneDayTests/Info.plist;
				LD_RUNPATH_SEARCH_PATHS = (
					"$(inherited)",
					"@executable_path/Frameworks",
					"@loader_path/Frameworks",
				);
				PRODUCT_BUNDLE_IDENTIFIER = com.boostcamp3.OneDayTests;
				PRODUCT_NAME = "$(TARGET_NAME)";
				SWIFT_VERSION = 4.2;
				TARGETED_DEVICE_FAMILY = "1,2";
				TEST_HOST = "$(BUILT_PRODUCTS_DIR)/OneDay.app/OneDay";
			};
			name = Release;
		};
		D561693221FAD07200E00FED /* Debug */ = {
			isa = XCBuildConfiguration;
			buildSettings = {
				ALWAYS_SEARCH_USER_PATHS = NO;
				CLANG_ANALYZER_NONNULL = YES;
				CLANG_ANALYZER_NUMBER_OBJECT_CONVERSION = YES_AGGRESSIVE;
				CLANG_CXX_LANGUAGE_STANDARD = "gnu++14";
				CLANG_CXX_LIBRARY = "libc++";
				CLANG_ENABLE_MODULES = YES;
				CLANG_ENABLE_OBJC_ARC = YES;
				CLANG_ENABLE_OBJC_WEAK = YES;
				CLANG_WARN_BLOCK_CAPTURE_AUTORELEASING = YES;
				CLANG_WARN_BOOL_CONVERSION = YES;
				CLANG_WARN_COMMA = YES;
				CLANG_WARN_CONSTANT_CONVERSION = YES;
				CLANG_WARN_DEPRECATED_OBJC_IMPLEMENTATIONS = YES;
				CLANG_WARN_DIRECT_OBJC_ISA_USAGE = YES_ERROR;
				CLANG_WARN_DOCUMENTATION_COMMENTS = YES;
				CLANG_WARN_EMPTY_BODY = YES;
				CLANG_WARN_ENUM_CONVERSION = YES;
				CLANG_WARN_INFINITE_RECURSION = YES;
				CLANG_WARN_INT_CONVERSION = YES;
				CLANG_WARN_NON_LITERAL_NULL_CONVERSION = YES;
				CLANG_WARN_OBJC_IMPLICIT_RETAIN_SELF = YES;
				CLANG_WARN_OBJC_LITERAL_CONVERSION = YES;
				CLANG_WARN_OBJC_ROOT_CLASS = YES_ERROR;
				CLANG_WARN_RANGE_LOOP_ANALYSIS = YES;
				CLANG_WARN_STRICT_PROTOTYPES = YES;
				CLANG_WARN_SUSPICIOUS_MOVE = YES;
				CLANG_WARN_UNGUARDED_AVAILABILITY = YES_AGGRESSIVE;
				CLANG_WARN_UNREACHABLE_CODE = YES;
				CLANG_WARN__DUPLICATE_METHOD_MATCH = YES;
				CODE_SIGN_IDENTITY = "iPhone Developer";
				COPY_PHASE_STRIP = NO;
				DEBUG_INFORMATION_FORMAT = dwarf;
				ENABLE_STRICT_OBJC_MSGSEND = YES;
				ENABLE_TESTABILITY = YES;
				GCC_C_LANGUAGE_STANDARD = gnu11;
				GCC_DYNAMIC_NO_PIC = NO;
				GCC_NO_COMMON_BLOCKS = YES;
				GCC_OPTIMIZATION_LEVEL = 0;
				GCC_PREPROCESSOR_DEFINITIONS = (
					"DEBUG=1",
					"$(inherited)",
				);
				GCC_WARN_64_TO_32_BIT_CONVERSION = YES;
				GCC_WARN_ABOUT_RETURN_TYPE = YES_ERROR;
				GCC_WARN_UNDECLARED_SELECTOR = YES;
				GCC_WARN_UNINITIALIZED_AUTOS = YES_AGGRESSIVE;
				GCC_WARN_UNUSED_FUNCTION = YES;
				GCC_WARN_UNUSED_VARIABLE = YES;
				IPHONEOS_DEPLOYMENT_TARGET = 12.1;
				MTL_ENABLE_DEBUG_INFO = INCLUDE_SOURCE;
				MTL_FAST_MATH = YES;
				ONLY_ACTIVE_ARCH = YES;
				SDKROOT = iphoneos;
				SWIFT_ACTIVE_COMPILATION_CONDITIONS = DEBUG;
				SWIFT_OPTIMIZATION_LEVEL = "-Onone";
			};
			name = Debug;
		};
		D561693321FAD07200E00FED /* Release */ = {
			isa = XCBuildConfiguration;
			buildSettings = {
				ALWAYS_SEARCH_USER_PATHS = NO;
				CLANG_ANALYZER_NONNULL = YES;
				CLANG_ANALYZER_NUMBER_OBJECT_CONVERSION = YES_AGGRESSIVE;
				CLANG_CXX_LANGUAGE_STANDARD = "gnu++14";
				CLANG_CXX_LIBRARY = "libc++";
				CLANG_ENABLE_MODULES = YES;
				CLANG_ENABLE_OBJC_ARC = YES;
				CLANG_ENABLE_OBJC_WEAK = YES;
				CLANG_WARN_BLOCK_CAPTURE_AUTORELEASING = YES;
				CLANG_WARN_BOOL_CONVERSION = YES;
				CLANG_WARN_COMMA = YES;
				CLANG_WARN_CONSTANT_CONVERSION = YES;
				CLANG_WARN_DEPRECATED_OBJC_IMPLEMENTATIONS = YES;
				CLANG_WARN_DIRECT_OBJC_ISA_USAGE = YES_ERROR;
				CLANG_WARN_DOCUMENTATION_COMMENTS = YES;
				CLANG_WARN_EMPTY_BODY = YES;
				CLANG_WARN_ENUM_CONVERSION = YES;
				CLANG_WARN_INFINITE_RECURSION = YES;
				CLANG_WARN_INT_CONVERSION = YES;
				CLANG_WARN_NON_LITERAL_NULL_CONVERSION = YES;
				CLANG_WARN_OBJC_IMPLICIT_RETAIN_SELF = YES;
				CLANG_WARN_OBJC_LITERAL_CONVERSION = YES;
				CLANG_WARN_OBJC_ROOT_CLASS = YES_ERROR;
				CLANG_WARN_RANGE_LOOP_ANALYSIS = YES;
				CLANG_WARN_STRICT_PROTOTYPES = YES;
				CLANG_WARN_SUSPICIOUS_MOVE = YES;
				CLANG_WARN_UNGUARDED_AVAILABILITY = YES_AGGRESSIVE;
				CLANG_WARN_UNREACHABLE_CODE = YES;
				CLANG_WARN__DUPLICATE_METHOD_MATCH = YES;
				CODE_SIGN_IDENTITY = "iPhone Developer";
				COPY_PHASE_STRIP = NO;
				DEBUG_INFORMATION_FORMAT = "dwarf-with-dsym";
				ENABLE_NS_ASSERTIONS = NO;
				ENABLE_STRICT_OBJC_MSGSEND = YES;
				GCC_C_LANGUAGE_STANDARD = gnu11;
				GCC_NO_COMMON_BLOCKS = YES;
				GCC_WARN_64_TO_32_BIT_CONVERSION = YES;
				GCC_WARN_ABOUT_RETURN_TYPE = YES_ERROR;
				GCC_WARN_UNDECLARED_SELECTOR = YES;
				GCC_WARN_UNINITIALIZED_AUTOS = YES_AGGRESSIVE;
				GCC_WARN_UNUSED_FUNCTION = YES;
				GCC_WARN_UNUSED_VARIABLE = YES;
				IPHONEOS_DEPLOYMENT_TARGET = 12.1;
				MTL_ENABLE_DEBUG_INFO = NO;
				MTL_FAST_MATH = YES;
				SDKROOT = iphoneos;
				SWIFT_COMPILATION_MODE = wholemodule;
				SWIFT_OPTIMIZATION_LEVEL = "-O";
				VALIDATE_PRODUCT = YES;
			};
			name = Release;
		};
		D561693521FAD07200E00FED /* Debug */ = {
			isa = XCBuildConfiguration;
			baseConfigurationReference = 0334D603A8EB8137C93DB4D1 /* Pods-OneDay.debug.xcconfig */;
			buildSettings = {
				ASSETCATALOG_COMPILER_APPICON_NAME = AppIcon;
				CODE_SIGN_STYLE = Manual;
				DEVELOPMENT_TEAM = 5BKN5926VM;
				INFOPLIST_FILE = "$(SRCROOT)/OneDay/Resources/Info.plist";
				LD_RUNPATH_SEARCH_PATHS = (
					"$(inherited)",
					"@executable_path/Frameworks",
				);
				PRODUCT_BUNDLE_IDENTIFIER = com.boostcamp3.OneDay;
				PRODUCT_NAME = "$(TARGET_NAME)";
				PROVISIONING_PROFILE_SPECIFIER = OneDay;
				SWIFT_VERSION = 4.2;
				TARGETED_DEVICE_FAMILY = 1;
			};
			name = Debug;
		};
		D561693621FAD07200E00FED /* Release */ = {
			isa = XCBuildConfiguration;
			baseConfigurationReference = 3469E7E8A80EBF3C6908DBCC /* Pods-OneDay.release.xcconfig */;
			buildSettings = {
				ASSETCATALOG_COMPILER_APPICON_NAME = AppIcon;
				CODE_SIGN_STYLE = Manual;
				DEVELOPMENT_TEAM = "";
				INFOPLIST_FILE = "$(SRCROOT)/OneDay/Resources/Info.plist";
				LD_RUNPATH_SEARCH_PATHS = (
					"$(inherited)",
					"@executable_path/Frameworks",
				);
				PRODUCT_BUNDLE_IDENTIFIER = com.boostcamp3.OneDay;
				PRODUCT_NAME = "$(TARGET_NAME)";
				PROVISIONING_PROFILE_SPECIFIER = "";
				SWIFT_VERSION = 4.2;
				TARGETED_DEVICE_FAMILY = 1;
			};
			name = Release;
		};
/* End XCBuildConfiguration section */

/* Begin XCConfigurationList section */
		D50276CE21FEFC8500A0DB5E /* Build configuration list for PBXNativeTarget "OneDayTests" */ = {
			isa = XCConfigurationList;
			buildConfigurations = (
				D50276CF21FEFC8500A0DB5E /* Debug */,
				D50276D021FEFC8500A0DB5E /* Release */,
			);
			defaultConfigurationIsVisible = 0;
			defaultConfigurationName = Release;
		};
		D561691A21FAD07000E00FED /* Build configuration list for PBXProject "OneDay" */ = {
			isa = XCConfigurationList;
			buildConfigurations = (
				D561693221FAD07200E00FED /* Debug */,
				D561693321FAD07200E00FED /* Release */,
			);
			defaultConfigurationIsVisible = 0;
			defaultConfigurationName = Release;
		};
		D561693421FAD07200E00FED /* Build configuration list for PBXNativeTarget "OneDay" */ = {
			isa = XCConfigurationList;
			buildConfigurations = (
				D561693521FAD07200E00FED /* Debug */,
				D561693621FAD07200E00FED /* Release */,
			);
			defaultConfigurationIsVisible = 0;
			defaultConfigurationName = Release;
		};
/* End XCConfigurationList section */

/* Begin XCVersionGroup section */
		D561692921FAD07000E00FED /* OneDay.xcdatamodeld */ = {
			isa = XCVersionGroup;
			children = (
				D561692A21FAD07000E00FED /* OneDay.xcdatamodel */,
			);
			currentVersion = D561692A21FAD07000E00FED /* OneDay.xcdatamodel */;
			path = OneDay.xcdatamodeld;
			sourceTree = "<group>";
			versionGroupType = wrapper.xcdatamodel;
		};
/* End XCVersionGroup section */
	};
	rootObject = D561691721FAD07000E00FED /* Project object */;
}
