// !$*UTF8*$!
{
	archiveVersion = 1;
	classes = {
	};
	objectVersion = 50;
	objects = {

/* Begin PBXBuildFile section */
		788DDD3D0837F8506B1F924C /* Pods_OneDay.framework in Frameworks */ = {isa = PBXBuildFile; fileRef = B2F23636A5909B46DE93DFD2 /* Pods_OneDay.framework */; };
		D561692321FAD07000E00FED /* AppDelegate.swift in Sources */ = {isa = PBXBuildFile; fileRef = D561692221FAD07000E00FED /* AppDelegate.swift */; };
		D561692521FAD07000E00FED /* ViewController.swift in Sources */ = {isa = PBXBuildFile; fileRef = D561692421FAD07000E00FED /* ViewController.swift */; };
		D561692821FAD07000E00FED /* Main.storyboard in Resources */ = {isa = PBXBuildFile; fileRef = D561692621FAD07000E00FED /* Main.storyboard */; };
		D561692B21FAD07000E00FED /* OneDay.xcdatamodeld in Sources */ = {isa = PBXBuildFile; fileRef = D561692921FAD07000E00FED /* OneDay.xcdatamodeld */; };
		D561692D21FAD07200E00FED /* Assets.xcassets in Resources */ = {isa = PBXBuildFile; fileRef = D561692C21FAD07200E00FED /* Assets.xcassets */; };
		D561693021FAD07200E00FED /* LaunchScreen.storyboard in Resources */ = {isa = PBXBuildFile; fileRef = D561692E21FAD07200E00FED /* LaunchScreen.storyboard */; };
		E93AB5B421FEE8450029DD81 /* treviTest.swift in Sources */ = {isa = PBXBuildFile; fileRef = E93AB5B321FEE8450029DD81 /* treviTest.swift */; };
		E96BE83A21FAD96700266F6D /* Colors.xcassets in Resources */ = {isa = PBXBuildFile; fileRef = E96BE83921FAD96700266F6D /* Colors.xcassets */; };
		E96BE83F21FADA9600266F6D /* SideMenu.storyboard in Resources */ = {isa = PBXBuildFile; fileRef = E96BE83E21FADA9600266F6D /* SideMenu.storyboard */; };
		E96BE84121FADAAA00266F6D /* Setting.storyboard in Resources */ = {isa = PBXBuildFile; fileRef = E96BE84021FADAAA00266F6D /* Setting.storyboard */; };
		E992EC6121FAEDF500917116 /* SearchedKeywordCell.swift in Sources */ = {isa = PBXBuildFile; fileRef = E992EC6021FAEDF500917116 /* SearchedKeywordCell.swift */; };
		E992EC6321FAEDFD00917116 /* MatchingEntriesCell.swift in Sources */ = {isa = PBXBuildFile; fileRef = E992EC6221FAEDFD00917116 /* MatchingEntriesCell.swift */; };
		E992EC6521FAEE0600917116 /* FilterTableCell.swift in Sources */ = {isa = PBXBuildFile; fileRef = E992EC6421FAEE0600917116 /* FilterTableCell.swift */; };
		E992EC6821FAEE3300917116 /* SideMenuMainCell.swift in Sources */ = {isa = PBXBuildFile; fileRef = E992EC6721FAEE3300917116 /* SideMenuMainCell.swift */; };
		E992EC6A21FAEE3C00917116 /* SideMenuJournalListCell.swift in Sources */ = {isa = PBXBuildFile; fileRef = E992EC6921FAEE3C00917116 /* SideMenuJournalListCell.swift */; };
		E992EC6C21FAEE4500917116 /* SideMenuJournalAddCell.swift in Sources */ = {isa = PBXBuildFile; fileRef = E992EC6B21FAEE4500917116 /* SideMenuJournalAddCell.swift */; };
		E992EC6E21FAEE4D00917116 /* SideMenuEditCell.swift in Sources */ = {isa = PBXBuildFile; fileRef = E992EC6D21FAEE4D00917116 /* SideMenuEditCell.swift */; };
		E992EC7021FAEE5B00917116 /* FilterViewController.swift in Sources */ = {isa = PBXBuildFile; fileRef = E992EC6F21FAEE5B00917116 /* FilterViewController.swift */; };
		E992EC7221FAEE6700917116 /* SideMenuViewController.swift in Sources */ = {isa = PBXBuildFile; fileRef = E992EC7121FAEE6700917116 /* SideMenuViewController.swift */; };
		E992EC7421FAEE7100917116 /* TestViewController.swift in Sources */ = {isa = PBXBuildFile; fileRef = E992EC7321FAEE7100917116 /* TestViewController.swift */; };
		E992EC7621FAEF3F00917116 /* Colors.swift in Sources */ = {isa = PBXBuildFile; fileRef = E992EC7521FAEF3F00917116 /* Colors.swift */; };
		E992EC7821FAF4C200917116 /* CalendarViewController.swift in Sources */ = {isa = PBXBuildFile; fileRef = E992EC7721FAF4C200917116 /* CalendarViewController.swift */; };
		E992EC7A21FAFBC500917116 /* CalendarCell.swift in Sources */ = {isa = PBXBuildFile; fileRef = E992EC7921FAFBC500917116 /* CalendarCell.swift */; };
		E992EC7C21FB1E5500917116 /* CalendarHeaderView.swift in Sources */ = {isa = PBXBuildFile; fileRef = E992EC7B21FB1E5500917116 /* CalendarHeaderView.swift */; };
		E992EC7F21FB2CCE00917116 /* CalendarDaysOfWeek.swift in Sources */ = {isa = PBXBuildFile; fileRef = E992EC7E21FB2CCE00917116 /* CalendarDaysOfWeek.swift */; };
/* End PBXBuildFile section */

/* Begin PBXFileReference section */
		0334D603A8EB8137C93DB4D1 /* Pods-OneDay.debug.xcconfig */ = {isa = PBXFileReference; includeInIndex = 1; lastKnownFileType = text.xcconfig; name = "Pods-OneDay.debug.xcconfig"; path = "Pods/Target Support Files/Pods-OneDay/Pods-OneDay.debug.xcconfig"; sourceTree = "<group>"; };
		3469E7E8A80EBF3C6908DBCC /* Pods-OneDay.release.xcconfig */ = {isa = PBXFileReference; includeInIndex = 1; lastKnownFileType = text.xcconfig; name = "Pods-OneDay.release.xcconfig"; path = "Pods/Target Support Files/Pods-OneDay/Pods-OneDay.release.xcconfig"; sourceTree = "<group>"; };
		B2F23636A5909B46DE93DFD2 /* Pods_OneDay.framework */ = {isa = PBXFileReference; explicitFileType = wrapper.framework; includeInIndex = 0; path = Pods_OneDay.framework; sourceTree = BUILT_PRODUCTS_DIR; };
		D561691F21FAD07000E00FED /* OneDay.app */ = {isa = PBXFileReference; explicitFileType = wrapper.application; includeInIndex = 0; path = OneDay.app; sourceTree = BUILT_PRODUCTS_DIR; };
		D561692221FAD07000E00FED /* AppDelegate.swift */ = {isa = PBXFileReference; lastKnownFileType = sourcecode.swift; path = AppDelegate.swift; sourceTree = "<group>"; };
		D561692421FAD07000E00FED /* ViewController.swift */ = {isa = PBXFileReference; lastKnownFileType = sourcecode.swift; path = ViewController.swift; sourceTree = "<group>"; };
		D561692721FAD07000E00FED /* Base */ = {isa = PBXFileReference; lastKnownFileType = file.storyboard; name = Base; path = Base.lproj/Main.storyboard; sourceTree = "<group>"; };
		D561692A21FAD07000E00FED /* OneDay.xcdatamodel */ = {isa = PBXFileReference; lastKnownFileType = wrapper.xcdatamodel; path = OneDay.xcdatamodel; sourceTree = "<group>"; };
		D561692C21FAD07200E00FED /* Assets.xcassets */ = {isa = PBXFileReference; lastKnownFileType = folder.assetcatalog; path = Assets.xcassets; sourceTree = "<group>"; };
		D561692F21FAD07200E00FED /* Base */ = {isa = PBXFileReference; lastKnownFileType = file.storyboard; name = Base; path = Base.lproj/LaunchScreen.storyboard; sourceTree = "<group>"; };
		D561693121FAD07200E00FED /* Info.plist */ = {isa = PBXFileReference; lastKnownFileType = text.plist.xml; path = Info.plist; sourceTree = "<group>"; };
		E93AB5B321FEE8450029DD81 /* treviTest.swift */ = {isa = PBXFileReference; lastKnownFileType = sourcecode.swift; path = treviTest.swift; sourceTree = "<group>"; };
		E96BE83921FAD96700266F6D /* Colors.xcassets */ = {isa = PBXFileReference; lastKnownFileType = folder.assetcatalog; path = Colors.xcassets; sourceTree = "<group>"; };
		E96BE83E21FADA9600266F6D /* SideMenu.storyboard */ = {isa = PBXFileReference; lastKnownFileType = file.storyboard; path = SideMenu.storyboard; sourceTree = "<group>"; };
		E96BE84021FADAAA00266F6D /* Setting.storyboard */ = {isa = PBXFileReference; lastKnownFileType = file.storyboard; path = Setting.storyboard; sourceTree = "<group>"; };
		E992EC6021FAEDF500917116 /* SearchedKeywordCell.swift */ = {isa = PBXFileReference; lastKnownFileType = sourcecode.swift; path = SearchedKeywordCell.swift; sourceTree = "<group>"; };
		E992EC6221FAEDFD00917116 /* MatchingEntriesCell.swift */ = {isa = PBXFileReference; lastKnownFileType = sourcecode.swift; path = MatchingEntriesCell.swift; sourceTree = "<group>"; };
		E992EC6421FAEE0600917116 /* FilterTableCell.swift */ = {isa = PBXFileReference; lastKnownFileType = sourcecode.swift; path = FilterTableCell.swift; sourceTree = "<group>"; };
		E992EC6721FAEE3300917116 /* SideMenuMainCell.swift */ = {isa = PBXFileReference; lastKnownFileType = sourcecode.swift; path = SideMenuMainCell.swift; sourceTree = "<group>"; };
		E992EC6921FAEE3C00917116 /* SideMenuJournalListCell.swift */ = {isa = PBXFileReference; lastKnownFileType = sourcecode.swift; path = SideMenuJournalListCell.swift; sourceTree = "<group>"; };
		E992EC6B21FAEE4500917116 /* SideMenuJournalAddCell.swift */ = {isa = PBXFileReference; lastKnownFileType = sourcecode.swift; path = SideMenuJournalAddCell.swift; sourceTree = "<group>"; };
		E992EC6D21FAEE4D00917116 /* SideMenuEditCell.swift */ = {isa = PBXFileReference; lastKnownFileType = sourcecode.swift; path = SideMenuEditCell.swift; sourceTree = "<group>"; };
		E992EC6F21FAEE5B00917116 /* FilterViewController.swift */ = {isa = PBXFileReference; lastKnownFileType = sourcecode.swift; path = FilterViewController.swift; sourceTree = "<group>"; };
		E992EC7121FAEE6700917116 /* SideMenuViewController.swift */ = {isa = PBXFileReference; lastKnownFileType = sourcecode.swift; path = SideMenuViewController.swift; sourceTree = "<group>"; };
		E992EC7321FAEE7100917116 /* TestViewController.swift */ = {isa = PBXFileReference; lastKnownFileType = sourcecode.swift; path = TestViewController.swift; sourceTree = "<group>"; };
		E992EC7521FAEF3F00917116 /* Colors.swift */ = {isa = PBXFileReference; lastKnownFileType = sourcecode.swift; path = Colors.swift; sourceTree = "<group>"; };
		E992EC7721FAF4C200917116 /* CalendarViewController.swift */ = {isa = PBXFileReference; lastKnownFileType = sourcecode.swift; path = CalendarViewController.swift; sourceTree = "<group>"; };
		E992EC7921FAFBC500917116 /* CalendarCell.swift */ = {isa = PBXFileReference; lastKnownFileType = sourcecode.swift; path = CalendarCell.swift; sourceTree = "<group>"; };
		E992EC7B21FB1E5500917116 /* CalendarHeaderView.swift */ = {isa = PBXFileReference; lastKnownFileType = sourcecode.swift; path = CalendarHeaderView.swift; sourceTree = "<group>"; };
		E992EC7E21FB2CCE00917116 /* CalendarDaysOfWeek.swift */ = {isa = PBXFileReference; lastKnownFileType = sourcecode.swift; path = CalendarDaysOfWeek.swift; sourceTree = "<group>"; };
/* End PBXFileReference section */

/* Begin PBXFrameworksBuildPhase section */
		D561691C21FAD07000E00FED /* Frameworks */ = {
			isa = PBXFrameworksBuildPhase;
			buildActionMask = 2147483647;
			files = (
				788DDD3D0837F8506B1F924C /* Pods_OneDay.framework in Frameworks */,
			);
			runOnlyForDeploymentPostprocessing = 0;
		};
/* End PBXFrameworksBuildPhase section */

/* Begin PBXGroup section */
		0E97F36932421EACCDFBF197 /* Frameworks */ = {
			isa = PBXGroup;
			children = (
				B2F23636A5909B46DE93DFD2 /* Pods_OneDay.framework */,
			);
			name = Frameworks;
			sourceTree = "<group>";
		};
		D561691621FAD07000E00FED = {
			isa = PBXGroup;
			children = (
				D561692121FAD07000E00FED /* OneDay */,
				D561692021FAD07000E00FED /* Products */,
				EB1B7AD6529795DA447F6EEB /* Pods */,
				0E97F36932421EACCDFBF197 /* Frameworks */,
			);
			sourceTree = "<group>";
		};
		D561692021FAD07000E00FED /* Products */ = {
			isa = PBXGroup;
			children = (
				D561691F21FAD07000E00FED /* OneDay.app */,
			);
			name = Products;
			sourceTree = "<group>";
		};
		D561692121FAD07000E00FED /* OneDay */ = {
			isa = PBXGroup;
			children = (
				E96BE83121FAD8B500266F6D /* Protocols */,
				E96BE83221FAD8C500266F6D /* Extensions */,
				E96BE83421FAD8E100266F6D /* AppDelegate */,
				E96BE83321FAD8DB00266F6D /* Views */,
				E96BE83821FAD91800266F6D /* Resources */,
				E96BE83721FAD90A00266F6D /* Controller */,
				E96BE83621FAD8FB00266F6D /* CoreData */,
				E96BE83521FAD8F200266F6D /* Model */,
				D561692921FAD07000E00FED /* OneDay.xcdatamodeld */,
				E93AB5B321FEE8450029DD81 /* treviTest.swift */,
				E992EC7521FAEF3F00917116 /* Colors.swift */,
			);
			path = OneDay;
			sourceTree = "<group>";
		};
		E96BE83121FAD8B500266F6D /* Protocols */ = {
			isa = PBXGroup;
			children = (
			);
			path = Protocols;
			sourceTree = "<group>";
		};
		E96BE83221FAD8C500266F6D /* Extensions */ = {
			isa = PBXGroup;
			children = (
			);
			path = Extensions;
			sourceTree = "<group>";
		};
		E96BE83321FAD8DB00266F6D /* Views */ = {
			isa = PBXGroup;
			children = (
				E992EC7D21FB2CAD00917116 /* Calendar */,
				E992EC5E21FAEDD100917116 /* FilterCell */,
				E992EC5F21FAEDDA00917116 /* SideMenuCell */,
				E96BE83B21FAD98500266F6D /* Storyboards */,
			);
			path = Views;
			sourceTree = "<group>";
		};
		E96BE83421FAD8E100266F6D /* AppDelegate */ = {
			isa = PBXGroup;
			children = (
				D561692221FAD07000E00FED /* AppDelegate.swift */,
			);
			path = AppDelegate;
			sourceTree = "<group>";
		};
		E96BE83521FAD8F200266F6D /* Model */ = {
			isa = PBXGroup;
			children = (
			);
			path = Model;
			sourceTree = "<group>";
		};
		E96BE83621FAD8FB00266F6D /* CoreData */ = {
			isa = PBXGroup;
			children = (
			);
			path = CoreData;
			sourceTree = "<group>";
		};
		E96BE83721FAD90A00266F6D /* Controller */ = {
			isa = PBXGroup;
			children = (
				D561692421FAD07000E00FED /* ViewController.swift */,
				E992EC6F21FAEE5B00917116 /* FilterViewController.swift */,
				E992EC7121FAEE6700917116 /* SideMenuViewController.swift */,
				E992EC7321FAEE7100917116 /* TestViewController.swift */,
				E992EC7721FAF4C200917116 /* CalendarViewController.swift */,
			);
			path = Controller;
			sourceTree = "<group>";
		};
		E96BE83821FAD91800266F6D /* Resources */ = {
			isa = PBXGroup;
			children = (
				D561693121FAD07200E00FED /* Info.plist */,
				D561692C21FAD07200E00FED /* Assets.xcassets */,
				E96BE83921FAD96700266F6D /* Colors.xcassets */,
			);
			path = Resources;
			sourceTree = "<group>";
		};
		E96BE83B21FAD98500266F6D /* Storyboards */ = {
			isa = PBXGroup;
			children = (
				D561692E21FAD07200E00FED /* LaunchScreen.storyboard */,
				D561692621FAD07000E00FED /* Main.storyboard */,
				E96BE83E21FADA9600266F6D /* SideMenu.storyboard */,
				E96BE84021FADAAA00266F6D /* Setting.storyboard */,
			);
			path = Storyboards;
			sourceTree = "<group>";
		};
		E992EC5E21FAEDD100917116 /* FilterCell */ = {
			isa = PBXGroup;
			children = (
				E992EC6021FAEDF500917116 /* SearchedKeywordCell.swift */,
				E992EC6221FAEDFD00917116 /* MatchingEntriesCell.swift */,
				E992EC6421FAEE0600917116 /* FilterTableCell.swift */,
			);
			path = FilterCell;
			sourceTree = "<group>";
		};
		E992EC5F21FAEDDA00917116 /* SideMenuCell */ = {
			isa = PBXGroup;
			children = (
				E992EC6721FAEE3300917116 /* SideMenuMainCell.swift */,
				E992EC6921FAEE3C00917116 /* SideMenuJournalListCell.swift */,
				E992EC6B21FAEE4500917116 /* SideMenuJournalAddCell.swift */,
				E992EC6D21FAEE4D00917116 /* SideMenuEditCell.swift */,
			);
			path = SideMenuCell;
			sourceTree = "<group>";
		};
		E992EC7D21FB2CAD00917116 /* Calendar */ = {
			isa = PBXGroup;
			children = (
				E992EC7921FAFBC500917116 /* CalendarCell.swift */,
				E992EC7B21FB1E5500917116 /* CalendarHeaderView.swift */,
				E992EC7E21FB2CCE00917116 /* CalendarDaysOfWeek.swift */,
			);
			path = Calendar;
			sourceTree = "<group>";
		};
		EB1B7AD6529795DA447F6EEB /* Pods */ = {
			isa = PBXGroup;
			children = (
				0334D603A8EB8137C93DB4D1 /* Pods-OneDay.debug.xcconfig */,
				3469E7E8A80EBF3C6908DBCC /* Pods-OneDay.release.xcconfig */,
			);
			name = Pods;
			sourceTree = "<group>";
		};
/* End PBXGroup section */

/* Begin PBXNativeTarget section */
		D561691E21FAD07000E00FED /* OneDay */ = {
			isa = PBXNativeTarget;
			buildConfigurationList = D561693421FAD07200E00FED /* Build configuration list for PBXNativeTarget "OneDay" */;
			buildPhases = (
				0849CCACFAD5454D8235CC12 /* [CP] Check Pods Manifest.lock */,
				D561698521FAE29800E00FED /* SwiftLint */,
				D561691B21FAD07000E00FED /* Sources */,
				D561691C21FAD07000E00FED /* Frameworks */,
				D561691D21FAD07000E00FED /* Resources */,
			);
			buildRules = (
			);
			dependencies = (
			);
			name = OneDay;
			productName = OneDay;
			productReference = D561691F21FAD07000E00FED /* OneDay.app */;
			productType = "com.apple.product-type.application";
		};
/* End PBXNativeTarget section */

/* Begin PBXProject section */
		D561691721FAD07000E00FED /* Project object */ = {
			isa = PBXProject;
			attributes = {
				LastSwiftUpdateCheck = 1010;
				LastUpgradeCheck = 1010;
				ORGANIZATIONNAME = teamA2;
				TargetAttributes = {
					D561691E21FAD07000E00FED = {
						CreatedOnToolsVersion = 10.1;
					};
				};
			};
			buildConfigurationList = D561691A21FAD07000E00FED /* Build configuration list for PBXProject "OneDay" */;
			compatibilityVersion = "Xcode 9.3";
			developmentRegion = en;
			hasScannedForEncodings = 0;
			knownRegions = (
				en,
				Base,
			);
			mainGroup = D561691621FAD07000E00FED;
			productRefGroup = D561692021FAD07000E00FED /* Products */;
			projectDirPath = "";
			projectRoot = "";
			targets = (
				D561691E21FAD07000E00FED /* OneDay */,
			);
		};
/* End PBXProject section */

/* Begin PBXResourcesBuildPhase section */
		D561691D21FAD07000E00FED /* Resources */ = {
			isa = PBXResourcesBuildPhase;
			buildActionMask = 2147483647;
			files = (
				E96BE83F21FADA9600266F6D /* SideMenu.storyboard in Resources */,
				D561693021FAD07200E00FED /* LaunchScreen.storyboard in Resources */,
				E96BE84121FADAAA00266F6D /* Setting.storyboard in Resources */,
				D561692D21FAD07200E00FED /* Assets.xcassets in Resources */,
				E96BE83A21FAD96700266F6D /* Colors.xcassets in Resources */,
				D561692821FAD07000E00FED /* Main.storyboard in Resources */,
			);
			runOnlyForDeploymentPostprocessing = 0;
		};
/* End PBXResourcesBuildPhase section */

/* Begin PBXShellScriptBuildPhase section */
		0849CCACFAD5454D8235CC12 /* [CP] Check Pods Manifest.lock */ = {
			isa = PBXShellScriptBuildPhase;
			buildActionMask = 2147483647;
			files = (
			);
			inputFileListPaths = (
			);
			inputPaths = (
				"${PODS_PODFILE_DIR_PATH}/Podfile.lock",
				"${PODS_ROOT}/Manifest.lock",
			);
			name = "[CP] Check Pods Manifest.lock";
			outputFileListPaths = (
			);
			outputPaths = (
				"$(DERIVED_FILE_DIR)/Pods-OneDay-checkManifestLockResult.txt",
			);
			runOnlyForDeploymentPostprocessing = 0;
			shellPath = /bin/sh;
			shellScript = "diff \"${PODS_PODFILE_DIR_PATH}/Podfile.lock\" \"${PODS_ROOT}/Manifest.lock\" > /dev/null\nif [ $? != 0 ] ; then\n    # print error to STDERR\n    echo \"error: The sandbox is not in sync with the Podfile.lock. Run 'pod install' or update your CocoaPods installation.\" >&2\n    exit 1\nfi\n# This output is used by Xcode 'outputs' to avoid re-running this script phase.\necho \"SUCCESS\" > \"${SCRIPT_OUTPUT_FILE_0}\"\n";
			showEnvVarsInLog = 0;
		};
		D561698521FAE29800E00FED /* SwiftLint */ = {
			isa = PBXShellScriptBuildPhase;
			buildActionMask = 2147483647;
			files = (
			);
			inputFileListPaths = (
			);
			inputPaths = (
			);
			name = SwiftLint;
			outputFileListPaths = (
			);
			outputPaths = (
			);
			runOnlyForDeploymentPostprocessing = 0;
			shellPath = /bin/sh;
			shellScript = "if which swiftlint >/dev/null; then\nswiftlint\nelse\necho \"warning: SwiftLint not installed, download from https://github.com/realm/SwiftLint\"\nfi\n";
		};
/* End PBXShellScriptBuildPhase section */

/* Begin PBXSourcesBuildPhase section */
		D561691B21FAD07000E00FED /* Sources */ = {
			isa = PBXSourcesBuildPhase;
			buildActionMask = 2147483647;
			files = (
				E992EC6521FAEE0600917116 /* FilterTableCell.swift in Sources */,
				E93AB5B421FEE8450029DD81 /* treviTest.swift in Sources */,
				E992EC6E21FAEE4D00917116 /* SideMenuEditCell.swift in Sources */,
				E992EC6A21FAEE3C00917116 /* SideMenuJournalListCell.swift in Sources */,
				E992EC7621FAEF3F00917116 /* Colors.swift in Sources */,
				E992EC6121FAEDF500917116 /* SearchedKeywordCell.swift in Sources */,
				E992EC7A21FAFBC500917116 /* CalendarCell.swift in Sources */,
				E992EC7221FAEE6700917116 /* SideMenuViewController.swift in Sources */,
				E992EC7821FAF4C200917116 /* CalendarViewController.swift in Sources */,
				E992EC7421FAEE7100917116 /* TestViewController.swift in Sources */,
				D561692521FAD07000E00FED /* ViewController.swift in Sources */,
				E992EC7021FAEE5B00917116 /* FilterViewController.swift in Sources */,
				D561692B21FAD07000E00FED /* OneDay.xcdatamodeld in Sources */,
				E992EC6321FAEDFD00917116 /* MatchingEntriesCell.swift in Sources */,
				E992EC7C21FB1E5500917116 /* CalendarHeaderView.swift in Sources */,
				D561692321FAD07000E00FED /* AppDelegate.swift in Sources */,
				E992EC6821FAEE3300917116 /* SideMenuMainCell.swift in Sources */,
				E992EC6C21FAEE4500917116 /* SideMenuJournalAddCell.swift in Sources */,
				E992EC7F21FB2CCE00917116 /* CalendarDaysOfWeek.swift in Sources */,
			);
			runOnlyForDeploymentPostprocessing = 0;
		};
/* End PBXSourcesBuildPhase section */

/* Begin PBXVariantGroup section */
		D561692621FAD07000E00FED /* Main.storyboard */ = {
			isa = PBXVariantGroup;
			children = (
				D561692721FAD07000E00FED /* Base */,
			);
			name = Main.storyboard;
			sourceTree = "<group>";
		};
		D561692E21FAD07200E00FED /* LaunchScreen.storyboard */ = {
			isa = PBXVariantGroup;
			children = (
				D561692F21FAD07200E00FED /* Base */,
			);
			name = LaunchScreen.storyboard;
			sourceTree = "<group>";
		};
/* End PBXVariantGroup section */

/* Begin XCBuildConfiguration section */
		D561693221FAD07200E00FED /* Debug */ = {
			isa = XCBuildConfiguration;
			buildSettings = {
				ALWAYS_SEARCH_USER_PATHS = NO;
				CLANG_ANALYZER_NONNULL = YES;
				CLANG_ANALYZER_NUMBER_OBJECT_CONVERSION = YES_AGGRESSIVE;
				CLANG_CXX_LANGUAGE_STANDARD = "gnu++14";
				CLANG_CXX_LIBRARY = "libc++";
				CLANG_ENABLE_MODULES = YES;
				CLANG_ENABLE_OBJC_ARC = YES;
				CLANG_ENABLE_OBJC_WEAK = YES;
				CLANG_WARN_BLOCK_CAPTURE_AUTORELEASING = YES;
				CLANG_WARN_BOOL_CONVERSION = YES;
				CLANG_WARN_COMMA = YES;
				CLANG_WARN_CONSTANT_CONVERSION = YES;
				CLANG_WARN_DEPRECATED_OBJC_IMPLEMENTATIONS = YES;
				CLANG_WARN_DIRECT_OBJC_ISA_USAGE = YES_ERROR;
				CLANG_WARN_DOCUMENTATION_COMMENTS = YES;
				CLANG_WARN_EMPTY_BODY = YES;
				CLANG_WARN_ENUM_CONVERSION = YES;
				CLANG_WARN_INFINITE_RECURSION = YES;
				CLANG_WARN_INT_CONVERSION = YES;
				CLANG_WARN_NON_LITERAL_NULL_CONVERSION = YES;
				CLANG_WARN_OBJC_IMPLICIT_RETAIN_SELF = YES;
				CLANG_WARN_OBJC_LITERAL_CONVERSION = YES;
				CLANG_WARN_OBJC_ROOT_CLASS = YES_ERROR;
				CLANG_WARN_RANGE_LOOP_ANALYSIS = YES;
				CLANG_WARN_STRICT_PROTOTYPES = YES;
				CLANG_WARN_SUSPICIOUS_MOVE = YES;
				CLANG_WARN_UNGUARDED_AVAILABILITY = YES_AGGRESSIVE;
				CLANG_WARN_UNREACHABLE_CODE = YES;
				CLANG_WARN__DUPLICATE_METHOD_MATCH = YES;
				CODE_SIGN_IDENTITY = "iPhone Developer";
				COPY_PHASE_STRIP = NO;
				DEBUG_INFORMATION_FORMAT = dwarf;
				ENABLE_STRICT_OBJC_MSGSEND = YES;
				ENABLE_TESTABILITY = YES;
				GCC_C_LANGUAGE_STANDARD = gnu11;
				GCC_DYNAMIC_NO_PIC = NO;
				GCC_NO_COMMON_BLOCKS = YES;
				GCC_OPTIMIZATION_LEVEL = 0;
				GCC_PREPROCESSOR_DEFINITIONS = (
					"DEBUG=1",
					"$(inherited)",
				);
				GCC_WARN_64_TO_32_BIT_CONVERSION = YES;
				GCC_WARN_ABOUT_RETURN_TYPE = YES_ERROR;
				GCC_WARN_UNDECLARED_SELECTOR = YES;
				GCC_WARN_UNINITIALIZED_AUTOS = YES_AGGRESSIVE;
				GCC_WARN_UNUSED_FUNCTION = YES;
				GCC_WARN_UNUSED_VARIABLE = YES;
				IPHONEOS_DEPLOYMENT_TARGET = 12.1;
				MTL_ENABLE_DEBUG_INFO = INCLUDE_SOURCE;
				MTL_FAST_MATH = YES;
				ONLY_ACTIVE_ARCH = YES;
				SDKROOT = iphoneos;
				SWIFT_ACTIVE_COMPILATION_CONDITIONS = DEBUG;
				SWIFT_OPTIMIZATION_LEVEL = "-Onone";
			};
			name = Debug;
		};
		D561693321FAD07200E00FED /* Release */ = {
			isa = XCBuildConfiguration;
			buildSettings = {
				ALWAYS_SEARCH_USER_PATHS = NO;
				CLANG_ANALYZER_NONNULL = YES;
				CLANG_ANALYZER_NUMBER_OBJECT_CONVERSION = YES_AGGRESSIVE;
				CLANG_CXX_LANGUAGE_STANDARD = "gnu++14";
				CLANG_CXX_LIBRARY = "libc++";
				CLANG_ENABLE_MODULES = YES;
				CLANG_ENABLE_OBJC_ARC = YES;
				CLANG_ENABLE_OBJC_WEAK = YES;
				CLANG_WARN_BLOCK_CAPTURE_AUTORELEASING = YES;
				CLANG_WARN_BOOL_CONVERSION = YES;
				CLANG_WARN_COMMA = YES;
				CLANG_WARN_CONSTANT_CONVERSION = YES;
				CLANG_WARN_DEPRECATED_OBJC_IMPLEMENTATIONS = YES;
				CLANG_WARN_DIRECT_OBJC_ISA_USAGE = YES_ERROR;
				CLANG_WARN_DOCUMENTATION_COMMENTS = YES;
				CLANG_WARN_EMPTY_BODY = YES;
				CLANG_WARN_ENUM_CONVERSION = YES;
				CLANG_WARN_INFINITE_RECURSION = YES;
				CLANG_WARN_INT_CONVERSION = YES;
				CLANG_WARN_NON_LITERAL_NULL_CONVERSION = YES;
				CLANG_WARN_OBJC_IMPLICIT_RETAIN_SELF = YES;
				CLANG_WARN_OBJC_LITERAL_CONVERSION = YES;
				CLANG_WARN_OBJC_ROOT_CLASS = YES_ERROR;
				CLANG_WARN_RANGE_LOOP_ANALYSIS = YES;
				CLANG_WARN_STRICT_PROTOTYPES = YES;
				CLANG_WARN_SUSPICIOUS_MOVE = YES;
				CLANG_WARN_UNGUARDED_AVAILABILITY = YES_AGGRESSIVE;
				CLANG_WARN_UNREACHABLE_CODE = YES;
				CLANG_WARN__DUPLICATE_METHOD_MATCH = YES;
				CODE_SIGN_IDENTITY = "iPhone Developer";
				COPY_PHASE_STRIP = NO;
				DEBUG_INFORMATION_FORMAT = "dwarf-with-dsym";
				ENABLE_NS_ASSERTIONS = NO;
				ENABLE_STRICT_OBJC_MSGSEND = YES;
				GCC_C_LANGUAGE_STANDARD = gnu11;
				GCC_NO_COMMON_BLOCKS = YES;
				GCC_WARN_64_TO_32_BIT_CONVERSION = YES;
				GCC_WARN_ABOUT_RETURN_TYPE = YES_ERROR;
				GCC_WARN_UNDECLARED_SELECTOR = YES;
				GCC_WARN_UNINITIALIZED_AUTOS = YES_AGGRESSIVE;
				GCC_WARN_UNUSED_FUNCTION = YES;
				GCC_WARN_UNUSED_VARIABLE = YES;
				IPHONEOS_DEPLOYMENT_TARGET = 12.1;
				MTL_ENABLE_DEBUG_INFO = NO;
				MTL_FAST_MATH = YES;
				SDKROOT = iphoneos;
				SWIFT_COMPILATION_MODE = wholemodule;
				SWIFT_OPTIMIZATION_LEVEL = "-O";
				VALIDATE_PRODUCT = YES;
			};
			name = Release;
		};
		D561693521FAD07200E00FED /* Debug */ = {
			isa = XCBuildConfiguration;
			baseConfigurationReference = 0334D603A8EB8137C93DB4D1 /* Pods-OneDay.debug.xcconfig */;
			buildSettings = {
				ASSETCATALOG_COMPILER_APPICON_NAME = AppIcon;
				CODE_SIGN_STYLE = Manual;
				DEVELOPMENT_TEAM = 5BKN5926VM;
				INFOPLIST_FILE = "$(SRCROOT)/OneDay/Resources/Info.plist";
				LD_RUNPATH_SEARCH_PATHS = (
					"$(inherited)",
					"@executable_path/Frameworks",
				);
				PRODUCT_BUNDLE_IDENTIFIER = com.boostcamp3.OneDay;
				PRODUCT_NAME = "$(TARGET_NAME)";
				PROVISIONING_PROFILE_SPECIFIER = OneDay;
				SWIFT_VERSION = 4.2;
				TARGETED_DEVICE_FAMILY = "1,2";
			};
			name = Debug;
		};
		D561693621FAD07200E00FED /* Release */ = {
			isa = XCBuildConfiguration;
			baseConfigurationReference = 3469E7E8A80EBF3C6908DBCC /* Pods-OneDay.release.xcconfig */;
			buildSettings = {
				ASSETCATALOG_COMPILER_APPICON_NAME = AppIcon;
				CODE_SIGN_STYLE = Manual;
				DEVELOPMENT_TEAM = "";
				INFOPLIST_FILE = "$(SRCROOT)/OneDay/Resources/Info.plist";
				LD_RUNPATH_SEARCH_PATHS = (
					"$(inherited)",
					"@executable_path/Frameworks",
				);
				PRODUCT_BUNDLE_IDENTIFIER = com.boostcamp3.OneDay;
				PRODUCT_NAME = "$(TARGET_NAME)";
				PROVISIONING_PROFILE_SPECIFIER = "";
				SWIFT_VERSION = 4.2;
				TARGETED_DEVICE_FAMILY = "1,2";
			};
			name = Release;
		};
/* End XCBuildConfiguration section */

/* Begin XCConfigurationList section */
		D561691A21FAD07000E00FED /* Build configuration list for PBXProject "OneDay" */ = {
			isa = XCConfigurationList;
			buildConfigurations = (
				D561693221FAD07200E00FED /* Debug */,
				D561693321FAD07200E00FED /* Release */,
			);
			defaultConfigurationIsVisible = 0;
			defaultConfigurationName = Release;
		};
		D561693421FAD07200E00FED /* Build configuration list for PBXNativeTarget "OneDay" */ = {
			isa = XCConfigurationList;
			buildConfigurations = (
				D561693521FAD07200E00FED /* Debug */,
				D561693621FAD07200E00FED /* Release */,
			);
			defaultConfigurationIsVisible = 0;
			defaultConfigurationName = Release;
		};
/* End XCConfigurationList section */

/* Begin XCVersionGroup section */
		D561692921FAD07000E00FED /* OneDay.xcdatamodeld */ = {
			isa = XCVersionGroup;
			children = (
				D561692A21FAD07000E00FED /* OneDay.xcdatamodel */,
			);
			currentVersion = D561692A21FAD07000E00FED /* OneDay.xcdatamodel */;
			path = OneDay.xcdatamodeld;
			sourceTree = "<group>";
			versionGroupType = wrapper.xcdatamodel;
		};
/* End XCVersionGroup section */
	};
	rootObject = D561691721FAD07000E00FED /* Project object */;
}
